// !$*UTF8*$!
{
	archiveVersion = 1;
	classes = {
	};
	objectVersion = 48;
	objects = {

/* Begin PBXBuildFile section */
		540B163320BC8CCF0058D516 /* TemporalLoadBalancer.swift in Sources */ = {isa = PBXBuildFile; fileRef = 540B163220BC8CCF0058D516 /* TemporalLoadBalancer.swift */; };
		5415F74920BC8906008A8E78 /* BinaryReader.swift in Sources */ = {isa = PBXBuildFile; fileRef = 5415F74820BC8906008A8E78 /* BinaryReader.swift */; };
		5415F74B20BC8931008A8E78 /* AssetManager.swift in Sources */ = {isa = PBXBuildFile; fileRef = 5415F74A20BC8931008A8E78 /* AssetManager.swift */; };
		5435117D20D7170C00BBD35C /* TesRenderSettings.swift in Sources */ = {isa = PBXBuildFile; fileRef = 5435117C20D7170C00BBD35C /* TesRenderSettings.swift */; };
		5435118020D7181500BBD35C /* ASettingsSection.swift in Sources */ = {isa = PBXBuildFile; fileRef = 5435117F20D7181500BBD35C /* ASettingsSection.swift */; };
		544683C220D59AB900A057F8 /* Task.swift in Sources */ = {isa = PBXBuildFile; fileRef = 544683C120D59AB900A057F8 /* Task.swift */; };
		544683C320D59B2900A057F8 /* ConvertUtils.swift in Sources */ = {isa = PBXBuildFile; fileRef = 54996A5620D1EF640053C358 /* ConvertUtils.swift */; };
		544683C520D59BAE00A057F8 /* BsaFile.swift in Sources */ = {isa = PBXBuildFile; fileRef = 5415F75920BC8B26008A8E78 /* BsaFile.swift */; };
		544683C620D59BB100A057F8 /* BsaFile+Extensions.swift in Sources */ = {isa = PBXBuildFile; fileRef = 5415F76F20BC8BE5008A8E78 /* BsaFile+Extensions.swift */; };
		544683C720D59BB500A057F8 /* BsaMultiFile.swift in Sources */ = {isa = PBXBuildFile; fileRef = 5415F75B20BC8B36008A8E78 /* BsaMultiFile.swift */; };
		544683C820D59BB900A057F8 /* BsaMultiFile+Extensions.swift in Sources */ = {isa = PBXBuildFile; fileRef = 5415F76D20BC8BDA008A8E78 /* BsaMultiFile+Extensions.swift */; };
		544683C920D59BBF00A057F8 /* FileManager+Extensions.swift in Sources */ = {isa = PBXBuildFile; fileRef = 54AEEF0B20BE292100560590 /* FileManager+Extensions.swift */; };
		544683CA20D59BC200A057F8 /* TesAssetPack.swift in Sources */ = {isa = PBXBuildFile; fileRef = 5415F76520BC8B93008A8E78 /* TesAssetPack.swift */; };
		544683CB20D59BE700A057F8 /* TesAssetManager.swift in Sources */ = {isa = PBXBuildFile; fileRef = 5415F75020BC8AB0008A8E78 /* TesAssetManager.swift */; };
		54664B0720D556B600947E34 /* NumericExtensions.swift in Sources */ = {isa = PBXBuildFile; fileRef = 54664B0620D556B600947E34 /* NumericExtensions.swift */; };
		54A08FEC20C4FACD00C68B25 /* Texture2DInfo.swift in Sources */ = {isa = PBXBuildFile; fileRef = 54A08FEA20C4FACD00C68B25 /* Texture2DInfo.swift */; };
		54A08FEE20C61E1D00C68B25 /* MaterialManager.swift in Sources */ = {isa = PBXBuildFile; fileRef = 54A08FED20C61E1D00C68B25 /* MaterialManager.swift */; };
		54A08FF020C61E2B00C68B25 /* TextureManager.swift in Sources */ = {isa = PBXBuildFile; fileRef = 54A08FEF20C61E2B00C68B25 /* TextureManager.swift */; };
		54A08FF620C76F3800C68B25 /* DefaultMaterial.swift in Sources */ = {isa = PBXBuildFile; fileRef = 54A08FF520C7681500C68B25 /* DefaultMaterial.swift */; };
		54A08FF720C76F3B00C68B25 /* BaseMaterial.swift in Sources */ = {isa = PBXBuildFile; fileRef = 54A08FF420C767D700C68B25 /* BaseMaterial.swift */; };
		54A08FFD20C7824C00C68B25 /* GameObject.swift in Sources */ = {isa = PBXBuildFile; fileRef = 54A08FFC20C7824C00C68B25 /* GameObject.swift */; };
		54A090A820CF875A00C68B25 /* DdsReader.swift in Sources */ = {isa = PBXBuildFile; fileRef = 54A090A720CF875A00C68B25 /* DdsReader.swift */; };
		54A1256C20D71984001AC968 /* TesPackTest.swift in Sources */ = {isa = PBXBuildFile; fileRef = 540B163520BC8E5E0058D516 /* TesPackTest.swift */; };
		54A1257120D719A1001AC968 /* SettingsFile.swift in Sources */ = {isa = PBXBuildFile; fileRef = 54A1256D20D719A1001AC968 /* SettingsFile.swift */; };
		54A1257220D719A1001AC968 /* GameSettings.swift in Sources */ = {isa = PBXBuildFile; fileRef = 54A1256E20D719A1001AC968 /* GameSettings.swift */; };
		54A1257320D719A1001AC968 /* BaseSettings.swift in Sources */ = {isa = PBXBuildFile; fileRef = 54A1256F20D719A1001AC968 /* BaseSettings.swift */; };
		54A1257420D719A1001AC968 /* DebugSettings.swift in Sources */ = {isa = PBXBuildFile; fileRef = 54A1257020D719A1001AC968 /* DebugSettings.swift */; };
		54AEEF1420BE51B700560590 /* DataExtensions.swift in Sources */ = {isa = PBXBuildFile; fileRef = 54AEEF1320BE51B700560590 /* DataExtensions.swift */; };
		54FD13AA20BE206A003D3138 /* CellManager.swift in Sources */ = {isa = PBXBuildFile; fileRef = 54FD13A920BE206A003D3138 /* CellManager.swift */; };
		54FD3E5C20CF892A0010D58E /* SequenceExtensions.swift in Sources */ = {isa = PBXBuildFile; fileRef = 54FD3E5620CF892A0010D58E /* SequenceExtensions.swift */; };
		54FD3E5E20CF892A0010D58E /* TextureUtils.swift in Sources */ = {isa = PBXBuildFile; fileRef = 54FD3E5820CF892A0010D58E /* TextureUtils.swift */; };
		54FD3E5F20CF892A0010D58E /* Utils.swift in Sources */ = {isa = PBXBuildFile; fileRef = 54FD3E5920CF892A0010D58E /* Utils.swift */; };
		54FD3E6020CF892A0010D58E /* ColorExtensions.swift in Sources */ = {isa = PBXBuildFile; fileRef = 54FD3E5A20CF892A0010D58E /* ColorExtensions.swift */; };
		54FD3E6120CF892A0010D58E /* BinaryWriter.swift in Sources */ = {isa = PBXBuildFile; fileRef = 54FD3E5B20CF892A0010D58E /* BinaryWriter.swift */; };
		F38DF06F20D570D200873AA4 /* VectorExtensions.swift in Sources */ = {isa = PBXBuildFile; fileRef = F38DF06E20D570D200873AA4 /* VectorExtensions.swift */; };
		F3970C1220D5E9BE00D8E205 /* EsmFile.swift in Sources */ = {isa = PBXBuildFile; fileRef = 5415F75D20BC8B4C008A8E78 /* EsmFile.swift */; };
		F3970C1320D5E9CB00D8E205 /* EsmFile+Fields.swift in Sources */ = {isa = PBXBuildFile; fileRef = 5415F76920BC8BB7008A8E78 /* EsmFile+Fields.swift */; };
		F3970C1420D5E9CD00D8E205 /* EsmFile+Extensions.swift in Sources */ = {isa = PBXBuildFile; fileRef = 5415F76B20BC8BCA008A8E78 /* EsmFile+Extensions.swift */; };
		F3970C1520D5E9D100D8E205 /* EsmRecords.swift in Sources */ = {isa = PBXBuildFile; fileRef = 5415F75F20BC8B5B008A8E78 /* EsmRecords.swift */; };
		F3970C1620D5E9D800D8E205 /* TesDataPack.swift in Sources */ = {isa = PBXBuildFile; fileRef = 5415F76720BC8B9C008A8E78 /* TesDataPack.swift */; };
		F3970C1720D5EAD900D8E205 /* 300-TES3.Plugin info.swift in Sources */ = {isa = PBXBuildFile; fileRef = 54AEEF0D20BE37E900560590 /* 300-TES3.Plugin info.swift */; };
		F3970C1820D5EB2500D8E205 /* TesCellManager.swift in Sources */ = {isa = PBXBuildFile; fileRef = 5415F75220BC8ABC008A8E78 /* TesCellManager.swift */; };
		F3970C1A20D5EBFB00D8E205 /* TesEngine.swift in Sources */ = {isa = PBXBuildFile; fileRef = 5415F75620BC8AE0008A8E78 /* TesEngine.swift */; };
		F3970C1B20D5EC1F00D8E205 /* 005-AACT.Action.swift in Sources */ = {isa = PBXBuildFile; fileRef = 54A0901D20C8CCF700C68B25 /* 005-AACT.Action.swift */; };
		F3970C1C20D5EE0400D8E205 /* 040-ACRE.Placed creature.swift in Sources */ = {isa = PBXBuildFile; fileRef = 54A0900D20C8CCF600C68B25 /* 040-ACRE.Placed creature.swift */; };
		F3970C1D20D5EE6C00D8E205 /* 005-ARMA.Armature (Model).swift in Sources */ = {isa = PBXBuildFile; fileRef = 54A0903820C8CCFA00C68B25 /* 005-ARMA.Armature (Model).swift */; };
		F3970C1E20D5EE6F00D8E205 /* 005-ADDN-Addon Node.swift in Sources */ = {isa = PBXBuildFile; fileRef = 54A0901120C8CCF600C68B25 /* 005-ADDN-Addon Node.swift */; };
		F3970C1F20D5EE7D00D8E205 /* 005-ARTO.Art Object.swift in Sources */ = {isa = PBXBuildFile; fileRef = 54A0904920C8CCFC00C68B25 /* 005-ARTO.Art Object.swift */; };
		F3970C2020D5EE9000D8E205 /* 005-ASPC.Acoustic Space.swift in Sources */ = {isa = PBXBuildFile; fileRef = 54A0904020C8CCFB00C68B25 /* 005-ASPC.Acoustic Space.swift */; };
		F3970C2120D5EE9400D8E205 /* 005-ASTP.Association Type.swift in Sources */ = {isa = PBXBuildFile; fileRef = 54A0900420C8CCF500C68B25 /* 005-ASTP.Association Type.swift */; };
		F3970C2220D5EE9400D8E205 /* 005-AVIF.Actor Values_Perk Tree Graphics.swift in Sources */ = {isa = PBXBuildFile; fileRef = 54A0903B20C8CCFA00C68B25 /* 005-AVIF.Actor Values_Perk Tree Graphics.swift */; };
		F3970C2320D5EE9400D8E205 /* 005-DLBR.Dialog Branch.swift in Sources */ = {isa = PBXBuildFile; fileRef = 54A0901320C8CCF600C68B25 /* 005-DLBR.Dialog Branch.swift */; };
		F3970C2420D5EE9400D8E205 /* 005-DLVW.Dialog View.swift in Sources */ = {isa = PBXBuildFile; fileRef = 54A0903C20C8CCFA00C68B25 /* 005-DLVW.Dialog View.swift */; };
		F3970C2520D5EE9400D8E205 /* 005-SNDR.Sound Reference.swift in Sources */ = {isa = PBXBuildFile; fileRef = 54A0900520C8CCF500C68B25 /* 005-SNDR.Sound Reference.swift */; };
		F3970C2620D5EEEC00D8E205 /* 040-HAIR.Hair.swift in Sources */ = {isa = PBXBuildFile; fileRef = 54A0901F20C8CCF700C68B25 /* 040-HAIR.Hair.swift */; };
		F3970C2720D5EEFB00D8E205 /* 040-KEYM.Key.swift in Sources */ = {isa = PBXBuildFile; fileRef = 54A0903E20C8CCFA00C68B25 /* 040-KEYM.Key.swift */; };
		F3970C2820D5EF8900D8E205 /* 040-ROAD.Road.swift in Sources */ = {isa = PBXBuildFile; fileRef = 54A0903420C8CCF900C68B25 /* 040-ROAD.Road.swift */; };
		F3970C2920D5EF8C00D8E205 /* 040-LVSP.Leveled Spell.swift in Sources */ = {isa = PBXBuildFile; fileRef = 54A0902820C8CCF800C68B25 /* 040-LVSP.Leveled Spell.swift */; };
		F3970C2A20D5EF8F00D8E205 /* 040-LVLI.Leveled Item.swift in Sources */ = {isa = PBXBuildFile; fileRef = 54A0900B20C8CCF600C68B25 /* 040-LVLI.Leveled Item.swift */; };
		F3970C2B20D5EF9200D8E205 /* 040-LVLC.Leveled Creature.swift in Sources */ = {isa = PBXBuildFile; fileRef = 54A0904720C8CCFB00C68B25 /* 040-LVLC.Leveled Creature.swift */; };
		F3970C2C20D5EFA900D8E205 /* 040-SBSP.Subspace.swift in Sources */ = {isa = PBXBuildFile; fileRef = 54A0903220C8CCF900C68B25 /* 040-SBSP.Subspace.swift */; };
		F3970C2D20D5EFB200D8E205 /* 040-SGST.Sigil Stone.swift in Sources */ = {isa = PBXBuildFile; fileRef = 54A0900920C8CCF500C68B25 /* 040-SGST.Sigil Stone.swift */; };
		F3970C2E20D5EFE500D8E205 /* 045-ACHR.Actor Reference.swift in Sources */ = {isa = PBXBuildFile; fileRef = 54A0901B20C8CCF700C68B25 /* 045-ACHR.Actor Reference.swift */; };
		F3970C2F20D5F00700D8E205 /* 045-AMMO.Ammo.swift in Sources */ = {isa = PBXBuildFile; fileRef = 54A0902D20C8CCF900C68B25 /* 045-AMMO.Ammo.swift */; };
		F3970C3020D5F02400D8E205 /* 045-ANIO.Animated Object.swift in Sources */ = {isa = PBXBuildFile; fileRef = 54A0904A20C8CCFC00C68B25 /* 045-ANIO.Animated Object.swift */; };
		F3970C3120D5F03C00D8E205 /* 045-CLMT.Climate.swift in Sources */ = {isa = PBXBuildFile; fileRef = 54A0904520C8CCFB00C68B25 /* 045-CLMT.Climate.swift */; };
		F3970C3220D5F04A00D8E205 /* 045-CSTY.Combat Style.swift in Sources */ = {isa = PBXBuildFile; fileRef = 54A0903320C8CCF900C68B25 /* 045-CSTY.Combat Style.swift */; };
		F3970C3320D5F0FF00D8E205 /* 045-EFSH.Effect Shader.swift in Sources */ = {isa = PBXBuildFile; fileRef = 54A0903920C8CCFA00C68B25 /* 045-EFSH.Effect Shader.swift */; };
		F3970C3420D5F1BA00D8E205 /* 045-EYES.Eyes.swift in Sources */ = {isa = PBXBuildFile; fileRef = 54A0901E20C8CCF700C68B25 /* 045-EYES.Eyes.swift */; };
		F3970C3520D5F1EE00D8E205 /* 045-FLOR.Flora.swift in Sources */ = {isa = PBXBuildFile; fileRef = 54A0904620C8CCFB00C68B25 /* 045-FLOR.Flora.swift */; };
		F3970C3620D5F21400D8E205 /* 045-FURN.Furniture.swift in Sources */ = {isa = PBXBuildFile; fileRef = 54A0900220C8CCF500C68B25 /* 045-FURN.Furniture.swift */; };
		F3970C3720D5F23B00D8E205 /* 045-GRAS.Grass.swift in Sources */ = {isa = PBXBuildFile; fileRef = 54A0902020C8CCF700C68B25 /* 045-GRAS.Grass.swift */; };
		F3970C3820D5F37700D8E205 /* 045-IDLE.Idle Animations.swift in Sources */ = {isa = PBXBuildFile; fileRef = 54A0903520C8CCFA00C68B25 /* 045-IDLE.Idle Animations.swift */; };
		F3970C3920D5F39D00D8E205 /* 045-LSCR.Load Screen.swift in Sources */ = {isa = PBXBuildFile; fileRef = 54A0902920C8CCF800C68B25 /* 045-LSCR.Load Screen.swift */; };
		F3970C3A20D5F3A900D8E205 /* 045-PACK.AI Package.swift in Sources */ = {isa = PBXBuildFile; fileRef = 54A0902120C8CCF700C68B25 /* 045-PACK.AI Package.swift */; };
		F3970C3B20D5F3EC00D8E205 /* 045-QUST.Quest.swift in Sources */ = {isa = PBXBuildFile; fileRef = 54A0902520C8CCF800C68B25 /* 045-QUST.Quest.swift */; };
		F3970C3C20D5F43900D8E205 /* 045-REFR.Placed Object.swift in Sources */ = {isa = PBXBuildFile; fileRef = 54A0901520C8CCF600C68B25 /* 045-REFR.Placed Object.swift */; };
		F3970C3D20D5F4B700D8E205 /* 045-SLGM.Soul Gem.swift in Sources */ = {isa = PBXBuildFile; fileRef = 54A0901620C8CCF600C68B25 /* 045-SLGM.Soul Gem.swift */; };
		F3970C3E20D5F4E000D8E205 /* 045-TES4.Plugin info.swift in Sources */ = {isa = PBXBuildFile; fileRef = 54A0900C20C8CCF600C68B25 /* 045-TES4.Plugin info.swift */; };
		F3970C3F20D5F52500D8E205 /* 045-TREE.Tree.swift in Sources */ = {isa = PBXBuildFile; fileRef = 54A0900E20C8CCF600C68B25 /* 045-TREE.Tree.swift */; };
		F3970C4020D5F58800D8E205 /* 045-WATR.Water Type.swift in Sources */ = {isa = PBXBuildFile; fileRef = 54A0900A20C8CCF600C68B25 /* 045-WATR.Water Type.swift */; };
		F3970C4120D5F5BE00D8E205 /* 045-WRLD.Worldspace.swift in Sources */ = {isa = PBXBuildFile; fileRef = 54A0904220C8CCFB00C68B25 /* 045-WRLD.Worldspace.swift */; };
		F3970C4220D5F68F00D8E205 /* 045-WTHR.Weather.swift in Sources */ = {isa = PBXBuildFile; fileRef = 54A0901820C8CCF700C68B25 /* 045-WTHR.Weather.swift */; };
		F3970C4320D5F74C00D8E205 /* 300-BODY.Body.swift in Sources */ = {isa = PBXBuildFile; fileRef = 54A0901720C8CCF700C68B25 /* 300-BODY.Body.swift */; };
		F3970C4420D5F75F00D8E205 /* 300-LEVC.Leveled Creature.swift in Sources */ = {isa = PBXBuildFile; fileRef = 54A0904820C8CCFB00C68B25 /* 300-LEVC.Leveled Creature.swift */; };
		F3970C4620D5F78500D8E205 /* 300-LEVI.Leveled item.swift in Sources */ = {isa = PBXBuildFile; fileRef = 54A0902E20C8CCF900C68B25 /* 300-LEVI.Leveled item.swift */; };
		F3970C4720D5F79B00D8E205 /* 300-PROB.Probe.swift in Sources */ = {isa = PBXBuildFile; fileRef = 54A0900720C8CCF500C68B25 /* 300-PROB.Probe.swift */; };
		F3970C4820D5F7A900D8E205 /* 300-REPA.Repair item.swift in Sources */ = {isa = PBXBuildFile; fileRef = 54A0902620C8CCF800C68B25 /* 300-REPA.Repair item.swift */; };
		F3970C4920D5F7E100D8E205 /* 300-SNDG.Sound Generator.swift in Sources */ = {isa = PBXBuildFile; fileRef = 54A0900120C8CCF500C68B25 /* 300-SNDG.Sound Generator.swift */; };
		F3970C4A20D5F7F500D8E205 /* 300-SSCR.Start Script.swift in Sources */ = {isa = PBXBuildFile; fileRef = 54A0903F20C8CCFB00C68B25 /* 300-SSCR.Start Script.swift */; };
		F3970C4B20D5F81900D8E205 /* 340-BSGN.Birthsign.swift in Sources */ = {isa = PBXBuildFile; fileRef = 54A0901020C8CCF600C68B25 /* 340-BSGN.Birthsign.swift */; };
		F3970C4C20D5F82000D8E205 /* 340-MGEF.Magic Effect.swift in Sources */ = {isa = PBXBuildFile; fileRef = 54A0901A20C8CCF700C68B25 /* 340-MGEF.Magic Effect.swift */; };
		F3970C4D20D5F86D00D8E205 /* 340-PGRD.Path grid.swift in Sources */ = {isa = PBXBuildFile; fileRef = 54A0902720C8CCF800C68B25 /* 340-PGRD.Path grid.swift */; };
		F3970C4E20D5F8BB00D8E205 /* 340-SCPT.Script.swift in Sources */ = {isa = PBXBuildFile; fileRef = 54A0901920C8CCF700C68B25 /* 340-SCPT.Script.swift */; };
		F3970C4F20D5F92600D8E205 /* 345-ACTI.Activator.swift in Sources */ = {isa = PBXBuildFile; fileRef = 54A0903620C8CCFA00C68B25 /* 345-ACTI.Activator.swift */; };
		F3970C5020D5F97100D8E205 /* 345-ALCH.Potion.swift in Sources */ = {isa = PBXBuildFile; fileRef = 54A0904B20C8CCFC00C68B25 /* 345-ALCH.Potion.swift */; };
		F3970C5120D5F99600D8E205 /* 345-APPA.Alchem Apparatus.swift in Sources */ = {isa = PBXBuildFile; fileRef = 54A0901C20C8CCF700C68B25 /* 345-APPA.Alchem Apparatus.swift */; };
		F3970C5220D5F9AD00D8E205 /* 345-ARMO.Armor.swift in Sources */ = {isa = PBXBuildFile; fileRef = 54A0900820C8CCF500C68B25 /* 345-ARMO.Armor.swift */; };
		F3970C5320D5FA5E00D8E205 /* 345-BOOK.Book.swift in Sources */ = {isa = PBXBuildFile; fileRef = 54A0902A20C8CCF800C68B25 /* 345-BOOK.Book.swift */; };
		F3970C5420D5FAA000D8E205 /* 345-CELL.Cell.swift in Sources */ = {isa = PBXBuildFile; fileRef = 54A0904D20C8CCFC00C68B25 /* 345-CELL.Cell.swift */; };
		F3970C5520D5FB8700D8E205 /* 345-CLAS.Class.swift in Sources */ = {isa = PBXBuildFile; fileRef = 54A0903720C8CCFA00C68B25 /* 345-CLAS.Class.swift */; };
		F3970C5620D5FBB900D8E205 /* 345-CLOT.Clothing.swift in Sources */ = {isa = PBXBuildFile; fileRef = 54A0900020C8CCF500C68B25 /* 345-CLOT.Clothing.swift */; };
		F3970C5720D5FC3700D8E205 /* 345-CONT.Container.swift in Sources */ = {isa = PBXBuildFile; fileRef = 54A0902220C8CCF800C68B25 /* 345-CONT.Container.swift */; };
		F3970C5820D5FC6C00D8E205 /* 345-CREA.Creature.swift in Sources */ = {isa = PBXBuildFile; fileRef = 54A0904420C8CCFB00C68B25 /* 345-CREA.Creature.swift */; };
		F3970C5920D5FD8F00D8E205 /* 345-DIAL.Dialog Topic.swift in Sources */ = {isa = PBXBuildFile; fileRef = 54A0900620C8CCF500C68B25 /* 345-DIAL.Dialog Topic.swift */; };
		F3970C5A20D5FDEE00D8E205 /* 345-DOOR.Door.swift in Sources */ = {isa = PBXBuildFile; fileRef = 54A0902320C8CCF800C68B25 /* 345-DOOR.Door.swift */; };
		F3970C5B20D5FE0E00D8E205 /* 345-ENCH.Enchantment.swift in Sources */ = {isa = PBXBuildFile; fileRef = 54A0901220C8CCF600C68B25 /* 345-ENCH.Enchantment.swift */; };
		F3970C5C20D5FE4400D8E205 /* 345-FACT.Faction.swift in Sources */ = {isa = PBXBuildFile; fileRef = 54A0904120C8CCFB00C68B25 /* 345-FACT.Faction.swift */; };
		F3970C5D20D5FEDA00D8E205 /* 345-GLOB.Global.swift in Sources */ = {isa = PBXBuildFile; fileRef = 54A0904320C8CCFB00C68B25 /* 345-GLOB.Global.swift */; };
		F3970C5E20D5FEF000D8E205 /* 345-GMST.Game Setting.swift in Sources */ = {isa = PBXBuildFile; fileRef = 54A0902420C8CCF800C68B25 /* 345-GMST.Game Setting.swift */; };
		F3970C5F20D5FF8500D8E205 /* 345-INFO.Dialog Topic Info.swift in Sources */ = {isa = PBXBuildFile; fileRef = 54A0904C20C8CCFC00C68B25 /* 345-INFO.Dialog Topic Info.swift */; };
		F3970C6020D6000100D8E205 /* 345-INGR.Ingredient.swift in Sources */ = {isa = PBXBuildFile; fileRef = 54A0903A20C8CCFA00C68B25 /* 345-INGR.Ingredient.swift */; };
		F3970C6120D6003600D8E205 /* 345-LAND.Land.swift in Sources */ = {isa = PBXBuildFile; fileRef = 54A0903120C8CCF900C68B25 /* 345-LAND.Land.swift */; };
		F3970C6220D6029D00D8E205 /* 345-LIGH.Light.swift in Sources */ = {isa = PBXBuildFile; fileRef = 54A0902F20C8CCF900C68B25 /* 345-LIGH.Light.swift */; };
		F3970C6320D602E700D8E205 /* 345-LOCK.Lock.swift in Sources */ = {isa = PBXBuildFile; fileRef = 54A0902B20C8CCF900C68B25 /* 345-LOCK.Lock.swift */; };
		F3970C6420D6034000D8E205 /* 345-LTEX.Land Texture.swift in Sources */ = {isa = PBXBuildFile; fileRef = 54A0900320C8CCF500C68B25 /* 345-LTEX.Land Texture.swift */; };
		F3970C6520D6035B00D8E205 /* 345-MISC.Misc Item.swift in Sources */ = {isa = PBXBuildFile; fileRef = 54A0904E20C8CCFC00C68B25 /* 345-MISC.Misc Item.swift */; };
		F3970C6620D6039300D8E205 /* 345-NPC_.Non-Player Character.swift in Sources */ = {isa = PBXBuildFile; fileRef = 54A0901420C8CCF600C68B25 /* 345-NPC_.Non-Player Character.swift */; };
		F3970C6720D603EE00D8E205 /* 345-RACE.Race_Creature type.swift in Sources */ = {isa = PBXBuildFile; fileRef = 54A0900F20C8CCF600C68B25 /* 345-RACE.Race_Creature type.swift */; };
		F3970C6820D604EF00D8E205 /* 345-REGN.Region.swift in Sources */ = {isa = PBXBuildFile; fileRef = 54A0902C20C8CCF900C68B25 /* 345-REGN.Region.swift */; };
		F3970C6920D6058300D8E205 /* 345-SKIL.Skill.swift in Sources */ = {isa = PBXBuildFile; fileRef = 54A0904F20C8CCFC00C68B25 /* 345-SKIL.Skill.swift */; };
		F3970C6A20D6062400D8E205 /* 345-SOUN.Sound.swift in Sources */ = {isa = PBXBuildFile; fileRef = 54A0903020C8CCF900C68B25 /* 345-SOUN.Sound.swift */; };
		F3970C6B20D6064900D8E205 /* 345-SPEL.Spell.swift in Sources */ = {isa = PBXBuildFile; fileRef = 54A0903D20C8CCFA00C68B25 /* 345-SPEL.Spell.swift */; };
		F3970C6C20D6068200D8E205 /* 345-STAT.Static.swift in Sources */ = {isa = PBXBuildFile; fileRef = 54AEEF0F20BE381900560590 /* 345-STAT.Static.swift */; };
		F3970C6D20D6068900D8E205 /* 345-WEAP.Weapon.swift in Sources */ = {isa = PBXBuildFile; fileRef = 54AEEF1020BE381900560590 /* 345-WEAP.Weapon.swift */; };
/* End PBXBuildFile section */

/* Begin PBXFileReference section */
		540B163220BC8CCF0058D516 /* TemporalLoadBalancer.swift */ = {isa = PBXFileReference; lastKnownFileType = sourcecode.swift; path = TemporalLoadBalancer.swift; sourceTree = "<group>"; };
		540B163520BC8E5E0058D516 /* TesPackTest.swift */ = {isa = PBXFileReference; lastKnownFileType = sourcecode.swift; path = TesPackTest.swift; sourceTree = "<group>"; };
		5415F71420BC8835008A8E78 /* ObjectManager.framework */ = {isa = PBXFileReference; explicitFileType = wrapper.framework; includeInIndex = 0; path = ObjectManager.framework; sourceTree = BUILT_PRODUCTS_DIR; };
		5415F71820BC8835008A8E78 /* Info.plist */ = {isa = PBXFileReference; lastKnownFileType = text.plist.xml; path = Info.plist; sourceTree = "<group>"; };
		5415F74820BC8906008A8E78 /* BinaryReader.swift */ = {isa = PBXFileReference; fileEncoding = 4; lastKnownFileType = sourcecode.swift; path = BinaryReader.swift; sourceTree = "<group>"; };
		5415F74A20BC8931008A8E78 /* AssetManager.swift */ = {isa = PBXFileReference; lastKnownFileType = sourcecode.swift; path = AssetManager.swift; sourceTree = "<group>"; };
		5415F75020BC8AB0008A8E78 /* TesAssetManager.swift */ = {isa = PBXFileReference; lastKnownFileType = sourcecode.swift; path = TesAssetManager.swift; sourceTree = "<group>"; };
		5415F75220BC8ABC008A8E78 /* TesCellManager.swift */ = {isa = PBXFileReference; lastKnownFileType = sourcecode.swift; path = TesCellManager.swift; sourceTree = "<group>"; };
		5415F75620BC8AE0008A8E78 /* TesEngine.swift */ = {isa = PBXFileReference; lastKnownFileType = sourcecode.swift; path = TesEngine.swift; sourceTree = "<group>"; };
		5415F75920BC8B26008A8E78 /* BsaFile.swift */ = {isa = PBXFileReference; lastKnownFileType = sourcecode.swift; path = BsaFile.swift; sourceTree = "<group>"; };
		5415F75B20BC8B36008A8E78 /* BsaMultiFile.swift */ = {isa = PBXFileReference; lastKnownFileType = sourcecode.swift; path = BsaMultiFile.swift; sourceTree = "<group>"; };
		5415F75D20BC8B4C008A8E78 /* EsmFile.swift */ = {isa = PBXFileReference; lastKnownFileType = sourcecode.swift; path = EsmFile.swift; sourceTree = "<group>"; };
		5415F75F20BC8B5B008A8E78 /* EsmRecords.swift */ = {isa = PBXFileReference; lastKnownFileType = sourcecode.swift; path = EsmRecords.swift; sourceTree = "<group>"; };
		5415F76520BC8B93008A8E78 /* TesAssetPack.swift */ = {isa = PBXFileReference; lastKnownFileType = sourcecode.swift; path = TesAssetPack.swift; sourceTree = "<group>"; };
		5415F76720BC8B9C008A8E78 /* TesDataPack.swift */ = {isa = PBXFileReference; lastKnownFileType = sourcecode.swift; path = TesDataPack.swift; sourceTree = "<group>"; };
		5415F76920BC8BB7008A8E78 /* EsmFile+Fields.swift */ = {isa = PBXFileReference; lastKnownFileType = sourcecode.swift; path = "EsmFile+Fields.swift"; sourceTree = "<group>"; };
		5415F76B20BC8BCA008A8E78 /* EsmFile+Extensions.swift */ = {isa = PBXFileReference; lastKnownFileType = sourcecode.swift; path = "EsmFile+Extensions.swift"; sourceTree = "<group>"; };
		5415F76D20BC8BDA008A8E78 /* BsaMultiFile+Extensions.swift */ = {isa = PBXFileReference; lastKnownFileType = sourcecode.swift; path = "BsaMultiFile+Extensions.swift"; sourceTree = "<group>"; };
		5415F76F20BC8BE5008A8E78 /* BsaFile+Extensions.swift */ = {isa = PBXFileReference; lastKnownFileType = sourcecode.swift; path = "BsaFile+Extensions.swift"; sourceTree = "<group>"; };
		5435117C20D7170C00BBD35C /* TesRenderSettings.swift */ = {isa = PBXFileReference; fileEncoding = 4; lastKnownFileType = sourcecode.swift; path = TesRenderSettings.swift; sourceTree = "<group>"; };
		5435117F20D7181500BBD35C /* ASettingsSection.swift */ = {isa = PBXFileReference; fileEncoding = 4; lastKnownFileType = sourcecode.swift; path = ASettingsSection.swift; sourceTree = "<group>"; };
		544683C120D59AB900A057F8 /* Task.swift */ = {isa = PBXFileReference; fileEncoding = 4; lastKnownFileType = sourcecode.swift; path = Task.swift; sourceTree = "<group>"; };
		54664B0620D556B600947E34 /* NumericExtensions.swift */ = {isa = PBXFileReference; lastKnownFileType = sourcecode.swift; path = NumericExtensions.swift; sourceTree = "<group>"; };
		54996A5620D1EF640053C358 /* ConvertUtils.swift */ = {isa = PBXFileReference; fileEncoding = 4; lastKnownFileType = sourcecode.swift; path = ConvertUtils.swift; sourceTree = "<group>"; };
		54A08FEA20C4FACD00C68B25 /* Texture2DInfo.swift */ = {isa = PBXFileReference; fileEncoding = 4; lastKnownFileType = sourcecode.swift; path = Texture2DInfo.swift; sourceTree = "<group>"; };
		54A08FED20C61E1D00C68B25 /* MaterialManager.swift */ = {isa = PBXFileReference; fileEncoding = 4; lastKnownFileType = sourcecode.swift; path = MaterialManager.swift; sourceTree = "<group>"; };
		54A08FEF20C61E2B00C68B25 /* TextureManager.swift */ = {isa = PBXFileReference; fileEncoding = 4; lastKnownFileType = sourcecode.swift; path = TextureManager.swift; sourceTree = "<group>"; };
		54A08FF120C61E3900C68B25 /* BaseEngine.swift */ = {isa = PBXFileReference; fileEncoding = 4; lastKnownFileType = sourcecode.swift; path = BaseEngine.swift; sourceTree = "<group>"; };
		54A08FF420C767D700C68B25 /* BaseMaterial.swift */ = {isa = PBXFileReference; lastKnownFileType = sourcecode.swift; path = BaseMaterial.swift; sourceTree = "<group>"; };
		54A08FF520C7681500C68B25 /* DefaultMaterial.swift */ = {isa = PBXFileReference; lastKnownFileType = sourcecode.swift; path = DefaultMaterial.swift; sourceTree = "<group>"; };
		54A08FFA20C780FA00C68B25 /* NifManager.swift */ = {isa = PBXFileReference; lastKnownFileType = sourcecode.swift; path = NifManager.swift; sourceTree = "<group>"; };
		54A08FFC20C7824C00C68B25 /* GameObject.swift */ = {isa = PBXFileReference; lastKnownFileType = sourcecode.swift; path = GameObject.swift; sourceTree = "<group>"; };
		54A08FFE20C79E0F00C68B25 /* NifReader.swift */ = {isa = PBXFileReference; lastKnownFileType = sourcecode.swift; path = NifReader.swift; sourceTree = "<group>"; };
		54A0900020C8CCF500C68B25 /* 345-CLOT.Clothing.swift */ = {isa = PBXFileReference; fileEncoding = 4; lastKnownFileType = sourcecode.swift; path = "345-CLOT.Clothing.swift"; sourceTree = "<group>"; };
		54A0900120C8CCF500C68B25 /* 300-SNDG.Sound Generator.swift */ = {isa = PBXFileReference; fileEncoding = 4; lastKnownFileType = sourcecode.swift; path = "300-SNDG.Sound Generator.swift"; sourceTree = "<group>"; };
		54A0900220C8CCF500C68B25 /* 045-FURN.Furniture.swift */ = {isa = PBXFileReference; fileEncoding = 4; lastKnownFileType = sourcecode.swift; path = "045-FURN.Furniture.swift"; sourceTree = "<group>"; };
		54A0900320C8CCF500C68B25 /* 345-LTEX.Land Texture.swift */ = {isa = PBXFileReference; fileEncoding = 4; lastKnownFileType = sourcecode.swift; path = "345-LTEX.Land Texture.swift"; sourceTree = "<group>"; };
		54A0900420C8CCF500C68B25 /* 005-ASTP.Association Type.swift */ = {isa = PBXFileReference; fileEncoding = 4; lastKnownFileType = sourcecode.swift; path = "005-ASTP.Association Type.swift"; sourceTree = "<group>"; };
		54A0900520C8CCF500C68B25 /* 005-SNDR.Sound Reference.swift */ = {isa = PBXFileReference; fileEncoding = 4; lastKnownFileType = sourcecode.swift; path = "005-SNDR.Sound Reference.swift"; sourceTree = "<group>"; };
		54A0900620C8CCF500C68B25 /* 345-DIAL.Dialog Topic.swift */ = {isa = PBXFileReference; fileEncoding = 4; lastKnownFileType = sourcecode.swift; path = "345-DIAL.Dialog Topic.swift"; sourceTree = "<group>"; };
		54A0900720C8CCF500C68B25 /* 300-PROB.Probe.swift */ = {isa = PBXFileReference; fileEncoding = 4; lastKnownFileType = sourcecode.swift; path = "300-PROB.Probe.swift"; sourceTree = "<group>"; };
		54A0900820C8CCF500C68B25 /* 345-ARMO.Armor.swift */ = {isa = PBXFileReference; fileEncoding = 4; lastKnownFileType = sourcecode.swift; path = "345-ARMO.Armor.swift"; sourceTree = "<group>"; };
		54A0900920C8CCF500C68B25 /* 040-SGST.Sigil Stone.swift */ = {isa = PBXFileReference; fileEncoding = 4; lastKnownFileType = sourcecode.swift; path = "040-SGST.Sigil Stone.swift"; sourceTree = "<group>"; };
		54A0900A20C8CCF600C68B25 /* 045-WATR.Water Type.swift */ = {isa = PBXFileReference; fileEncoding = 4; lastKnownFileType = sourcecode.swift; path = "045-WATR.Water Type.swift"; sourceTree = "<group>"; };
		54A0900B20C8CCF600C68B25 /* 040-LVLI.Leveled Item.swift */ = {isa = PBXFileReference; fileEncoding = 4; lastKnownFileType = sourcecode.swift; path = "040-LVLI.Leveled Item.swift"; sourceTree = "<group>"; };
		54A0900C20C8CCF600C68B25 /* 045-TES4.Plugin info.swift */ = {isa = PBXFileReference; fileEncoding = 4; lastKnownFileType = sourcecode.swift; path = "045-TES4.Plugin info.swift"; sourceTree = "<group>"; };
		54A0900D20C8CCF600C68B25 /* 040-ACRE.Placed creature.swift */ = {isa = PBXFileReference; fileEncoding = 4; lastKnownFileType = sourcecode.swift; path = "040-ACRE.Placed creature.swift"; sourceTree = "<group>"; };
		54A0900E20C8CCF600C68B25 /* 045-TREE.Tree.swift */ = {isa = PBXFileReference; fileEncoding = 4; lastKnownFileType = sourcecode.swift; path = "045-TREE.Tree.swift"; sourceTree = "<group>"; };
		54A0900F20C8CCF600C68B25 /* 345-RACE.Race_Creature type.swift */ = {isa = PBXFileReference; fileEncoding = 4; lastKnownFileType = sourcecode.swift; path = "345-RACE.Race_Creature type.swift"; sourceTree = "<group>"; };
		54A0901020C8CCF600C68B25 /* 340-BSGN.Birthsign.swift */ = {isa = PBXFileReference; fileEncoding = 4; lastKnownFileType = sourcecode.swift; path = "340-BSGN.Birthsign.swift"; sourceTree = "<group>"; };
		54A0901120C8CCF600C68B25 /* 005-ADDN-Addon Node.swift */ = {isa = PBXFileReference; fileEncoding = 4; lastKnownFileType = sourcecode.swift; path = "005-ADDN-Addon Node.swift"; sourceTree = "<group>"; };
		54A0901220C8CCF600C68B25 /* 345-ENCH.Enchantment.swift */ = {isa = PBXFileReference; fileEncoding = 4; lastKnownFileType = sourcecode.swift; path = "345-ENCH.Enchantment.swift"; sourceTree = "<group>"; };
		54A0901320C8CCF600C68B25 /* 005-DLBR.Dialog Branch.swift */ = {isa = PBXFileReference; fileEncoding = 4; lastKnownFileType = sourcecode.swift; path = "005-DLBR.Dialog Branch.swift"; sourceTree = "<group>"; };
		54A0901420C8CCF600C68B25 /* 345-NPC_.Non-Player Character.swift */ = {isa = PBXFileReference; fileEncoding = 4; lastKnownFileType = sourcecode.swift; path = "345-NPC_.Non-Player Character.swift"; sourceTree = "<group>"; };
		54A0901520C8CCF600C68B25 /* 045-REFR.Placed Object.swift */ = {isa = PBXFileReference; fileEncoding = 4; lastKnownFileType = sourcecode.swift; path = "045-REFR.Placed Object.swift"; sourceTree = "<group>"; };
		54A0901620C8CCF600C68B25 /* 045-SLGM.Soul Gem.swift */ = {isa = PBXFileReference; fileEncoding = 4; lastKnownFileType = sourcecode.swift; path = "045-SLGM.Soul Gem.swift"; sourceTree = "<group>"; };
		54A0901720C8CCF700C68B25 /* 300-BODY.Body.swift */ = {isa = PBXFileReference; fileEncoding = 4; lastKnownFileType = sourcecode.swift; path = "300-BODY.Body.swift"; sourceTree = "<group>"; };
		54A0901820C8CCF700C68B25 /* 045-WTHR.Weather.swift */ = {isa = PBXFileReference; fileEncoding = 4; lastKnownFileType = sourcecode.swift; path = "045-WTHR.Weather.swift"; sourceTree = "<group>"; };
		54A0901920C8CCF700C68B25 /* 340-SCPT.Script.swift */ = {isa = PBXFileReference; fileEncoding = 4; lastKnownFileType = sourcecode.swift; path = "340-SCPT.Script.swift"; sourceTree = "<group>"; };
		54A0901A20C8CCF700C68B25 /* 340-MGEF.Magic Effect.swift */ = {isa = PBXFileReference; fileEncoding = 4; lastKnownFileType = sourcecode.swift; path = "340-MGEF.Magic Effect.swift"; sourceTree = "<group>"; };
		54A0901B20C8CCF700C68B25 /* 045-ACHR.Actor Reference.swift */ = {isa = PBXFileReference; fileEncoding = 4; lastKnownFileType = sourcecode.swift; path = "045-ACHR.Actor Reference.swift"; sourceTree = "<group>"; };
		54A0901C20C8CCF700C68B25 /* 345-APPA.Alchem Apparatus.swift */ = {isa = PBXFileReference; fileEncoding = 4; lastKnownFileType = sourcecode.swift; path = "345-APPA.Alchem Apparatus.swift"; sourceTree = "<group>"; };
		54A0901D20C8CCF700C68B25 /* 005-AACT.Action.swift */ = {isa = PBXFileReference; fileEncoding = 4; lastKnownFileType = sourcecode.swift; path = "005-AACT.Action.swift"; sourceTree = "<group>"; };
		54A0901E20C8CCF700C68B25 /* 045-EYES.Eyes.swift */ = {isa = PBXFileReference; fileEncoding = 4; lastKnownFileType = sourcecode.swift; path = "045-EYES.Eyes.swift"; sourceTree = "<group>"; };
		54A0901F20C8CCF700C68B25 /* 040-HAIR.Hair.swift */ = {isa = PBXFileReference; fileEncoding = 4; lastKnownFileType = sourcecode.swift; path = "040-HAIR.Hair.swift"; sourceTree = "<group>"; };
		54A0902020C8CCF700C68B25 /* 045-GRAS.Grass.swift */ = {isa = PBXFileReference; fileEncoding = 4; lastKnownFileType = sourcecode.swift; path = "045-GRAS.Grass.swift"; sourceTree = "<group>"; };
		54A0902120C8CCF700C68B25 /* 045-PACK.AI Package.swift */ = {isa = PBXFileReference; fileEncoding = 4; lastKnownFileType = sourcecode.swift; path = "045-PACK.AI Package.swift"; sourceTree = "<group>"; };
		54A0902220C8CCF800C68B25 /* 345-CONT.Container.swift */ = {isa = PBXFileReference; fileEncoding = 4; lastKnownFileType = sourcecode.swift; path = "345-CONT.Container.swift"; sourceTree = "<group>"; };
		54A0902320C8CCF800C68B25 /* 345-DOOR.Door.swift */ = {isa = PBXFileReference; fileEncoding = 4; lastKnownFileType = sourcecode.swift; path = "345-DOOR.Door.swift"; sourceTree = "<group>"; };
		54A0902420C8CCF800C68B25 /* 345-GMST.Game Setting.swift */ = {isa = PBXFileReference; fileEncoding = 4; lastKnownFileType = sourcecode.swift; path = "345-GMST.Game Setting.swift"; sourceTree = "<group>"; };
		54A0902520C8CCF800C68B25 /* 045-QUST.Quest.swift */ = {isa = PBXFileReference; fileEncoding = 4; lastKnownFileType = sourcecode.swift; path = "045-QUST.Quest.swift"; sourceTree = "<group>"; };
		54A0902620C8CCF800C68B25 /* 300-REPA.Repair item.swift */ = {isa = PBXFileReference; fileEncoding = 4; lastKnownFileType = sourcecode.swift; path = "300-REPA.Repair item.swift"; sourceTree = "<group>"; };
		54A0902720C8CCF800C68B25 /* 340-PGRD.Path grid.swift */ = {isa = PBXFileReference; fileEncoding = 4; lastKnownFileType = sourcecode.swift; path = "340-PGRD.Path grid.swift"; sourceTree = "<group>"; };
		54A0902820C8CCF800C68B25 /* 040-LVSP.Leveled Spell.swift */ = {isa = PBXFileReference; fileEncoding = 4; lastKnownFileType = sourcecode.swift; path = "040-LVSP.Leveled Spell.swift"; sourceTree = "<group>"; };
		54A0902920C8CCF800C68B25 /* 045-LSCR.Load Screen.swift */ = {isa = PBXFileReference; fileEncoding = 4; lastKnownFileType = sourcecode.swift; path = "045-LSCR.Load Screen.swift"; sourceTree = "<group>"; };
		54A0902A20C8CCF800C68B25 /* 345-BOOK.Book.swift */ = {isa = PBXFileReference; fileEncoding = 4; lastKnownFileType = sourcecode.swift; path = "345-BOOK.Book.swift"; sourceTree = "<group>"; };
		54A0902B20C8CCF900C68B25 /* 345-LOCK.Lock.swift */ = {isa = PBXFileReference; fileEncoding = 4; lastKnownFileType = sourcecode.swift; path = "345-LOCK.Lock.swift"; sourceTree = "<group>"; };
		54A0902C20C8CCF900C68B25 /* 345-REGN.Region.swift */ = {isa = PBXFileReference; fileEncoding = 4; lastKnownFileType = sourcecode.swift; path = "345-REGN.Region.swift"; sourceTree = "<group>"; };
		54A0902D20C8CCF900C68B25 /* 045-AMMO.Ammo.swift */ = {isa = PBXFileReference; fileEncoding = 4; lastKnownFileType = sourcecode.swift; path = "045-AMMO.Ammo.swift"; sourceTree = "<group>"; };
		54A0902E20C8CCF900C68B25 /* 300-LEVI.Leveled item.swift */ = {isa = PBXFileReference; fileEncoding = 4; lastKnownFileType = sourcecode.swift; path = "300-LEVI.Leveled item.swift"; sourceTree = "<group>"; };
		54A0902F20C8CCF900C68B25 /* 345-LIGH.Light.swift */ = {isa = PBXFileReference; fileEncoding = 4; lastKnownFileType = sourcecode.swift; path = "345-LIGH.Light.swift"; sourceTree = "<group>"; };
		54A0903020C8CCF900C68B25 /* 345-SOUN.Sound.swift */ = {isa = PBXFileReference; fileEncoding = 4; lastKnownFileType = sourcecode.swift; path = "345-SOUN.Sound.swift"; sourceTree = "<group>"; };
		54A0903120C8CCF900C68B25 /* 345-LAND.Land.swift */ = {isa = PBXFileReference; fileEncoding = 4; lastKnownFileType = sourcecode.swift; path = "345-LAND.Land.swift"; sourceTree = "<group>"; };
		54A0903220C8CCF900C68B25 /* 040-SBSP.Subspace.swift */ = {isa = PBXFileReference; fileEncoding = 4; lastKnownFileType = sourcecode.swift; path = "040-SBSP.Subspace.swift"; sourceTree = "<group>"; };
		54A0903320C8CCF900C68B25 /* 045-CSTY.Combat Style.swift */ = {isa = PBXFileReference; fileEncoding = 4; lastKnownFileType = sourcecode.swift; path = "045-CSTY.Combat Style.swift"; sourceTree = "<group>"; };
		54A0903420C8CCF900C68B25 /* 040-ROAD.Road.swift */ = {isa = PBXFileReference; fileEncoding = 4; lastKnownFileType = sourcecode.swift; path = "040-ROAD.Road.swift"; sourceTree = "<group>"; };
		54A0903520C8CCFA00C68B25 /* 045-IDLE.Idle Animations.swift */ = {isa = PBXFileReference; fileEncoding = 4; lastKnownFileType = sourcecode.swift; path = "045-IDLE.Idle Animations.swift"; sourceTree = "<group>"; };
		54A0903620C8CCFA00C68B25 /* 345-ACTI.Activator.swift */ = {isa = PBXFileReference; fileEncoding = 4; lastKnownFileType = sourcecode.swift; path = "345-ACTI.Activator.swift"; sourceTree = "<group>"; };
		54A0903720C8CCFA00C68B25 /* 345-CLAS.Class.swift */ = {isa = PBXFileReference; fileEncoding = 4; lastKnownFileType = sourcecode.swift; path = "345-CLAS.Class.swift"; sourceTree = "<group>"; };
		54A0903820C8CCFA00C68B25 /* 005-ARMA.Armature (Model).swift */ = {isa = PBXFileReference; fileEncoding = 4; lastKnownFileType = sourcecode.swift; path = "005-ARMA.Armature (Model).swift"; sourceTree = "<group>"; };
		54A0903920C8CCFA00C68B25 /* 045-EFSH.Effect Shader.swift */ = {isa = PBXFileReference; fileEncoding = 4; lastKnownFileType = sourcecode.swift; path = "045-EFSH.Effect Shader.swift"; sourceTree = "<group>"; };
		54A0903A20C8CCFA00C68B25 /* 345-INGR.Ingredient.swift */ = {isa = PBXFileReference; fileEncoding = 4; lastKnownFileType = sourcecode.swift; path = "345-INGR.Ingredient.swift"; sourceTree = "<group>"; };
		54A0903B20C8CCFA00C68B25 /* 005-AVIF.Actor Values_Perk Tree Graphics.swift */ = {isa = PBXFileReference; fileEncoding = 4; lastKnownFileType = sourcecode.swift; path = "005-AVIF.Actor Values_Perk Tree Graphics.swift"; sourceTree = "<group>"; };
		54A0903C20C8CCFA00C68B25 /* 005-DLVW.Dialog View.swift */ = {isa = PBXFileReference; fileEncoding = 4; lastKnownFileType = sourcecode.swift; path = "005-DLVW.Dialog View.swift"; sourceTree = "<group>"; };
		54A0903D20C8CCFA00C68B25 /* 345-SPEL.Spell.swift */ = {isa = PBXFileReference; fileEncoding = 4; lastKnownFileType = sourcecode.swift; path = "345-SPEL.Spell.swift"; sourceTree = "<group>"; };
		54A0903E20C8CCFA00C68B25 /* 040-KEYM.Key.swift */ = {isa = PBXFileReference; fileEncoding = 4; lastKnownFileType = sourcecode.swift; path = "040-KEYM.Key.swift"; sourceTree = "<group>"; };
		54A0903F20C8CCFB00C68B25 /* 300-SSCR.Start Script.swift */ = {isa = PBXFileReference; fileEncoding = 4; lastKnownFileType = sourcecode.swift; path = "300-SSCR.Start Script.swift"; sourceTree = "<group>"; };
		54A0904020C8CCFB00C68B25 /* 005-ASPC.Acoustic Space.swift */ = {isa = PBXFileReference; fileEncoding = 4; lastKnownFileType = sourcecode.swift; path = "005-ASPC.Acoustic Space.swift"; sourceTree = "<group>"; };
		54A0904120C8CCFB00C68B25 /* 345-FACT.Faction.swift */ = {isa = PBXFileReference; fileEncoding = 4; lastKnownFileType = sourcecode.swift; path = "345-FACT.Faction.swift"; sourceTree = "<group>"; };
		54A0904220C8CCFB00C68B25 /* 045-WRLD.Worldspace.swift */ = {isa = PBXFileReference; fileEncoding = 4; lastKnownFileType = sourcecode.swift; path = "045-WRLD.Worldspace.swift"; sourceTree = "<group>"; };
		54A0904320C8CCFB00C68B25 /* 345-GLOB.Global.swift */ = {isa = PBXFileReference; fileEncoding = 4; lastKnownFileType = sourcecode.swift; path = "345-GLOB.Global.swift"; sourceTree = "<group>"; };
		54A0904420C8CCFB00C68B25 /* 345-CREA.Creature.swift */ = {isa = PBXFileReference; fileEncoding = 4; lastKnownFileType = sourcecode.swift; path = "345-CREA.Creature.swift"; sourceTree = "<group>"; };
		54A0904520C8CCFB00C68B25 /* 045-CLMT.Climate.swift */ = {isa = PBXFileReference; fileEncoding = 4; lastKnownFileType = sourcecode.swift; path = "045-CLMT.Climate.swift"; sourceTree = "<group>"; };
		54A0904620C8CCFB00C68B25 /* 045-FLOR.Flora.swift */ = {isa = PBXFileReference; fileEncoding = 4; lastKnownFileType = sourcecode.swift; path = "045-FLOR.Flora.swift"; sourceTree = "<group>"; };
		54A0904720C8CCFB00C68B25 /* 040-LVLC.Leveled Creature.swift */ = {isa = PBXFileReference; fileEncoding = 4; lastKnownFileType = sourcecode.swift; path = "040-LVLC.Leveled Creature.swift"; sourceTree = "<group>"; };
		54A0904820C8CCFB00C68B25 /* 300-LEVC.Leveled Creature.swift */ = {isa = PBXFileReference; fileEncoding = 4; lastKnownFileType = sourcecode.swift; path = "300-LEVC.Leveled Creature.swift"; sourceTree = "<group>"; };
		54A0904920C8CCFC00C68B25 /* 005-ARTO.Art Object.swift */ = {isa = PBXFileReference; fileEncoding = 4; lastKnownFileType = sourcecode.swift; path = "005-ARTO.Art Object.swift"; sourceTree = "<group>"; };
		54A0904A20C8CCFC00C68B25 /* 045-ANIO.Animated Object.swift */ = {isa = PBXFileReference; fileEncoding = 4; lastKnownFileType = sourcecode.swift; path = "045-ANIO.Animated Object.swift"; sourceTree = "<group>"; };
		54A0904B20C8CCFC00C68B25 /* 345-ALCH.Potion.swift */ = {isa = PBXFileReference; fileEncoding = 4; lastKnownFileType = sourcecode.swift; path = "345-ALCH.Potion.swift"; sourceTree = "<group>"; };
		54A0904C20C8CCFC00C68B25 /* 345-INFO.Dialog Topic Info.swift */ = {isa = PBXFileReference; fileEncoding = 4; lastKnownFileType = sourcecode.swift; path = "345-INFO.Dialog Topic Info.swift"; sourceTree = "<group>"; };
		54A0904D20C8CCFC00C68B25 /* 345-CELL.Cell.swift */ = {isa = PBXFileReference; fileEncoding = 4; lastKnownFileType = sourcecode.swift; path = "345-CELL.Cell.swift"; sourceTree = "<group>"; };
		54A0904E20C8CCFC00C68B25 /* 345-MISC.Misc Item.swift */ = {isa = PBXFileReference; fileEncoding = 4; lastKnownFileType = sourcecode.swift; path = "345-MISC.Misc Item.swift"; sourceTree = "<group>"; };
		54A0904F20C8CCFC00C68B25 /* 345-SKIL.Skill.swift */ = {isa = PBXFileReference; fileEncoding = 4; lastKnownFileType = sourcecode.swift; path = "345-SKIL.Skill.swift"; sourceTree = "<group>"; };
		54A090A120CF862300C68B25 /* NifUtils.swift */ = {isa = PBXFileReference; fileEncoding = 4; lastKnownFileType = sourcecode.swift; path = NifUtils.swift; sourceTree = "<group>"; };
		54A090A720CF875A00C68B25 /* DdsReader.swift */ = {isa = PBXFileReference; lastKnownFileType = sourcecode.swift; path = DdsReader.swift; sourceTree = "<group>"; };
		54A1256D20D719A1001AC968 /* SettingsFile.swift */ = {isa = PBXFileReference; fileEncoding = 4; lastKnownFileType = sourcecode.swift; path = SettingsFile.swift; sourceTree = "<group>"; };
		54A1256E20D719A1001AC968 /* GameSettings.swift */ = {isa = PBXFileReference; fileEncoding = 4; lastKnownFileType = sourcecode.swift; path = GameSettings.swift; sourceTree = "<group>"; };
		54A1256F20D719A1001AC968 /* BaseSettings.swift */ = {isa = PBXFileReference; fileEncoding = 4; lastKnownFileType = sourcecode.swift; path = BaseSettings.swift; sourceTree = "<group>"; };
		54A1257020D719A1001AC968 /* DebugSettings.swift */ = {isa = PBXFileReference; fileEncoding = 4; lastKnownFileType = sourcecode.swift; path = DebugSettings.swift; sourceTree = "<group>"; };
		54A1257520D72E35001AC968 /* ObjectPlayground.playground */ = {isa = PBXFileReference; lastKnownFileType = file.playground; name = ObjectPlayground.playground; path = ../ObjectPlayground.playground; sourceTree = "<group>"; xcLanguageSpecificationIdentifier = xcode.lang.swift; };
		54AEEF0B20BE292100560590 /* FileManager+Extensions.swift */ = {isa = PBXFileReference; fileEncoding = 4; lastKnownFileType = sourcecode.swift; path = "FileManager+Extensions.swift"; sourceTree = "<group>"; };
		54AEEF0D20BE37E900560590 /* 300-TES3.Plugin info.swift */ = {isa = PBXFileReference; fileEncoding = 4; lastKnownFileType = sourcecode.swift; path = "300-TES3.Plugin info.swift"; sourceTree = "<group>"; };
		54AEEF0F20BE381900560590 /* 345-STAT.Static.swift */ = {isa = PBXFileReference; fileEncoding = 4; lastKnownFileType = sourcecode.swift; path = "345-STAT.Static.swift"; sourceTree = "<group>"; };
		54AEEF1020BE381900560590 /* 345-WEAP.Weapon.swift */ = {isa = PBXFileReference; fileEncoding = 4; lastKnownFileType = sourcecode.swift; path = "345-WEAP.Weapon.swift"; sourceTree = "<group>"; };
		54AEEF1320BE51B700560590 /* DataExtensions.swift */ = {isa = PBXFileReference; fileEncoding = 4; lastKnownFileType = sourcecode.swift; path = DataExtensions.swift; sourceTree = "<group>"; };
		54FD13A920BE206A003D3138 /* CellManager.swift */ = {isa = PBXFileReference; lastKnownFileType = sourcecode.swift; path = CellManager.swift; sourceTree = "<group>"; };
		54FD3E5620CF892A0010D58E /* SequenceExtensions.swift */ = {isa = PBXFileReference; fileEncoding = 4; lastKnownFileType = sourcecode.swift; path = SequenceExtensions.swift; sourceTree = "<group>"; };
		54FD3E5820CF892A0010D58E /* TextureUtils.swift */ = {isa = PBXFileReference; fileEncoding = 4; lastKnownFileType = sourcecode.swift; path = TextureUtils.swift; sourceTree = "<group>"; };
		54FD3E5920CF892A0010D58E /* Utils.swift */ = {isa = PBXFileReference; fileEncoding = 4; lastKnownFileType = sourcecode.swift; path = Utils.swift; sourceTree = "<group>"; };
		54FD3E5A20CF892A0010D58E /* ColorExtensions.swift */ = {isa = PBXFileReference; fileEncoding = 4; lastKnownFileType = sourcecode.swift; path = ColorExtensions.swift; sourceTree = "<group>"; };
		54FD3E5B20CF892A0010D58E /* BinaryWriter.swift */ = {isa = PBXFileReference; fileEncoding = 4; lastKnownFileType = sourcecode.swift; path = BinaryWriter.swift; sourceTree = "<group>"; };
		F38DF06E20D570D200873AA4 /* VectorExtensions.swift */ = {isa = PBXFileReference; lastKnownFileType = sourcecode.swift; path = VectorExtensions.swift; sourceTree = "<group>"; };
/* End PBXFileReference section */

/* Begin PBXFrameworksBuildPhase section */
		5415F71020BC8835008A8E78 /* Frameworks */ = {
			isa = PBXFrameworksBuildPhase;
			buildActionMask = 2147483647;
			files = (
			);
			runOnlyForDeploymentPostprocessing = 0;
		};
/* End PBXFrameworksBuildPhase section */

/* Begin PBXGroup section */
		540B163120BC8C2A0058D516 /* Records */ = {
			isa = PBXGroup;
			children = (
				54A0901D20C8CCF700C68B25 /* 005-AACT.Action.swift */,
				54A0901120C8CCF600C68B25 /* 005-ADDN-Addon Node.swift */,
				54A0903820C8CCFA00C68B25 /* 005-ARMA.Armature (Model).swift */,
				54A0904920C8CCFC00C68B25 /* 005-ARTO.Art Object.swift */,
				54A0904020C8CCFB00C68B25 /* 005-ASPC.Acoustic Space.swift */,
				54A0900420C8CCF500C68B25 /* 005-ASTP.Association Type.swift */,
				54A0903B20C8CCFA00C68B25 /* 005-AVIF.Actor Values_Perk Tree Graphics.swift */,
				54A0901320C8CCF600C68B25 /* 005-DLBR.Dialog Branch.swift */,
				54A0903C20C8CCFA00C68B25 /* 005-DLVW.Dialog View.swift */,
				54A0900520C8CCF500C68B25 /* 005-SNDR.Sound Reference.swift */,
				54A0900D20C8CCF600C68B25 /* 040-ACRE.Placed creature.swift */,
				54A0901F20C8CCF700C68B25 /* 040-HAIR.Hair.swift */,
				54A0903E20C8CCFA00C68B25 /* 040-KEYM.Key.swift */,
				54A0904720C8CCFB00C68B25 /* 040-LVLC.Leveled Creature.swift */,
				54A0900B20C8CCF600C68B25 /* 040-LVLI.Leveled Item.swift */,
				54A0902820C8CCF800C68B25 /* 040-LVSP.Leveled Spell.swift */,
				54A0903420C8CCF900C68B25 /* 040-ROAD.Road.swift */,
				54A0903220C8CCF900C68B25 /* 040-SBSP.Subspace.swift */,
				54A0900920C8CCF500C68B25 /* 040-SGST.Sigil Stone.swift */,
				54A0901B20C8CCF700C68B25 /* 045-ACHR.Actor Reference.swift */,
				54A0902D20C8CCF900C68B25 /* 045-AMMO.Ammo.swift */,
				54A0904A20C8CCFC00C68B25 /* 045-ANIO.Animated Object.swift */,
				54A0904520C8CCFB00C68B25 /* 045-CLMT.Climate.swift */,
				54A0903320C8CCF900C68B25 /* 045-CSTY.Combat Style.swift */,
				54A0903920C8CCFA00C68B25 /* 045-EFSH.Effect Shader.swift */,
				54A0901E20C8CCF700C68B25 /* 045-EYES.Eyes.swift */,
				54A0904620C8CCFB00C68B25 /* 045-FLOR.Flora.swift */,
				54A0900220C8CCF500C68B25 /* 045-FURN.Furniture.swift */,
				54A0902020C8CCF700C68B25 /* 045-GRAS.Grass.swift */,
				54A0903520C8CCFA00C68B25 /* 045-IDLE.Idle Animations.swift */,
				54A0902920C8CCF800C68B25 /* 045-LSCR.Load Screen.swift */,
				54A0902120C8CCF700C68B25 /* 045-PACK.AI Package.swift */,
				54A0902520C8CCF800C68B25 /* 045-QUST.Quest.swift */,
				54A0901520C8CCF600C68B25 /* 045-REFR.Placed Object.swift */,
				54A0901620C8CCF600C68B25 /* 045-SLGM.Soul Gem.swift */,
				54A0900C20C8CCF600C68B25 /* 045-TES4.Plugin info.swift */,
				54A0900E20C8CCF600C68B25 /* 045-TREE.Tree.swift */,
				54A0900A20C8CCF600C68B25 /* 045-WATR.Water Type.swift */,
				54A0904220C8CCFB00C68B25 /* 045-WRLD.Worldspace.swift */,
				54A0901820C8CCF700C68B25 /* 045-WTHR.Weather.swift */,
				54AEEF0D20BE37E900560590 /* 300-TES3.Plugin info.swift */,
				54A0901720C8CCF700C68B25 /* 300-BODY.Body.swift */,
				54A0904820C8CCFB00C68B25 /* 300-LEVC.Leveled Creature.swift */,
				54A0902E20C8CCF900C68B25 /* 300-LEVI.Leveled item.swift */,
				54A0900720C8CCF500C68B25 /* 300-PROB.Probe.swift */,
				54A0902620C8CCF800C68B25 /* 300-REPA.Repair item.swift */,
				54A0900120C8CCF500C68B25 /* 300-SNDG.Sound Generator.swift */,
				54A0903F20C8CCFB00C68B25 /* 300-SSCR.Start Script.swift */,
				54A0901020C8CCF600C68B25 /* 340-BSGN.Birthsign.swift */,
				54A0901A20C8CCF700C68B25 /* 340-MGEF.Magic Effect.swift */,
				54A0902720C8CCF800C68B25 /* 340-PGRD.Path grid.swift */,
				54A0901920C8CCF700C68B25 /* 340-SCPT.Script.swift */,
				54A0903620C8CCFA00C68B25 /* 345-ACTI.Activator.swift */,
				54A0904B20C8CCFC00C68B25 /* 345-ALCH.Potion.swift */,
				54A0901C20C8CCF700C68B25 /* 345-APPA.Alchem Apparatus.swift */,
				54A0900820C8CCF500C68B25 /* 345-ARMO.Armor.swift */,
				54A0902A20C8CCF800C68B25 /* 345-BOOK.Book.swift */,
				54A0904D20C8CCFC00C68B25 /* 345-CELL.Cell.swift */,
				54A0903720C8CCFA00C68B25 /* 345-CLAS.Class.swift */,
				54A0900020C8CCF500C68B25 /* 345-CLOT.Clothing.swift */,
				54A0902220C8CCF800C68B25 /* 345-CONT.Container.swift */,
				54A0904420C8CCFB00C68B25 /* 345-CREA.Creature.swift */,
				54A0900620C8CCF500C68B25 /* 345-DIAL.Dialog Topic.swift */,
				54A0902320C8CCF800C68B25 /* 345-DOOR.Door.swift */,
				54A0901220C8CCF600C68B25 /* 345-ENCH.Enchantment.swift */,
				54A0904120C8CCFB00C68B25 /* 345-FACT.Faction.swift */,
				54A0904320C8CCFB00C68B25 /* 345-GLOB.Global.swift */,
				54A0902420C8CCF800C68B25 /* 345-GMST.Game Setting.swift */,
				54A0904C20C8CCFC00C68B25 /* 345-INFO.Dialog Topic Info.swift */,
				54A0903A20C8CCFA00C68B25 /* 345-INGR.Ingredient.swift */,
				54A0903120C8CCF900C68B25 /* 345-LAND.Land.swift */,
				54A0902F20C8CCF900C68B25 /* 345-LIGH.Light.swift */,
				54A0902B20C8CCF900C68B25 /* 345-LOCK.Lock.swift */,
				54A0900320C8CCF500C68B25 /* 345-LTEX.Land Texture.swift */,
				54A0904E20C8CCFC00C68B25 /* 345-MISC.Misc Item.swift */,
				54A0901420C8CCF600C68B25 /* 345-NPC_.Non-Player Character.swift */,
				54A0900F20C8CCF600C68B25 /* 345-RACE.Race_Creature type.swift */,
				54A0902C20C8CCF900C68B25 /* 345-REGN.Region.swift */,
				54A0904F20C8CCFC00C68B25 /* 345-SKIL.Skill.swift */,
				54A0903020C8CCF900C68B25 /* 345-SOUN.Sound.swift */,
				54A0903D20C8CCFA00C68B25 /* 345-SPEL.Spell.swift */,
				54AEEF0F20BE381900560590 /* 345-STAT.Static.swift */,
				54AEEF1020BE381900560590 /* 345-WEAP.Weapon.swift */,
			);
			path = Records;
			sourceTree = "<group>";
		};
		540B163420BC8E370058D516 /* Tests */ = {
			isa = PBXGroup;
			children = (
				540B163520BC8E5E0058D516 /* TesPackTest.swift */,
			);
			path = Tests;
			sourceTree = "<group>";
		};
		5415F70A20BC8835008A8E78 = {
			isa = PBXGroup;
			children = (
				54A1257520D72E35001AC968 /* ObjectPlayground.playground */,
				5415F74720BC88B4008A8E78 /* Object.Tes */,
				5415F71620BC8835008A8E78 /* ObjectManager */,
				5415F71520BC8835008A8E78 /* Products */,
			);
			sourceTree = "<group>";
		};
		5415F71520BC8835008A8E78 /* Products */ = {
			isa = PBXGroup;
			children = (
				5415F71420BC8835008A8E78 /* ObjectManager.framework */,
			);
			name = Products;
			sourceTree = "<group>";
		};
		5415F71620BC8835008A8E78 /* ObjectManager */ = {
			isa = PBXGroup;
			children = (
				5435117E20D717FB00BBD35C /* Configuration */,
				54A090A420CF86F500C68B25 /* Formats */,
				54A08FF320C767B800C68B25 /* Materials */,
				5415F74320BC8872008A8E78 /* Core */,
				54A08FF120C61E3900C68B25 /* BaseEngine.swift */,
				54A08FEF20C61E2B00C68B25 /* TextureManager.swift */,
				54A08FED20C61E1D00C68B25 /* MaterialManager.swift */,
				5415F74A20BC8931008A8E78 /* AssetManager.swift */,
				54FD13A920BE206A003D3138 /* CellManager.swift */,
				5415F71820BC8835008A8E78 /* Info.plist */,
			);
			path = ObjectManager;
			sourceTree = "<group>";
		};
		5415F74320BC8872008A8E78 /* Core */ = {
			isa = PBXGroup;
			children = (
				544683C120D59AB900A057F8 /* Task.swift */,
				5415F74820BC8906008A8E78 /* BinaryReader.swift */,
				54FD3E5B20CF892A0010D58E /* BinaryWriter.swift */,
				54FD3E5A20CF892A0010D58E /* ColorExtensions.swift */,
				54FD3E5620CF892A0010D58E /* SequenceExtensions.swift */,
				54664B0620D556B600947E34 /* NumericExtensions.swift */,
				54FD3E5820CF892A0010D58E /* TextureUtils.swift */,
				54FD3E5920CF892A0010D58E /* Utils.swift */,
				54A08FFC20C7824C00C68B25 /* GameObject.swift */,
				54AEEF1320BE51B700560590 /* DataExtensions.swift */,
				540B163220BC8CCF0058D516 /* TemporalLoadBalancer.swift */,
				54A08FEA20C4FACD00C68B25 /* Texture2DInfo.swift */,
				F38DF06E20D570D200873AA4 /* VectorExtensions.swift */,
			);
			path = Core;
			sourceTree = "<group>";
		};
		5415F74720BC88B4008A8E78 /* Object.Tes */ = {
			isa = PBXGroup;
			children = (
				540B163420BC8E370058D516 /* Tests */,
				5415F74E20BC8A84008A8E78 /* Configuration */,
				5415F74F20BC8A91008A8E78 /* FilePacks */,
				5415F75820BC8B0D008A8E78 /* Formats */,
				54996A5620D1EF640053C358 /* ConvertUtils.swift */,
				5415F75020BC8AB0008A8E78 /* TesAssetManager.swift */,
				5415F75220BC8ABC008A8E78 /* TesCellManager.swift */,
				5415F75620BC8AE0008A8E78 /* TesEngine.swift */,
			);
			path = Object.Tes;
			sourceTree = "<group>";
		};
		5415F74E20BC8A84008A8E78 /* Configuration */ = {
			isa = PBXGroup;
			children = (
				5435117C20D7170C00BBD35C /* TesRenderSettings.swift */,
			);
			path = Configuration;
			sourceTree = "<group>";
		};
		5415F74F20BC8A91008A8E78 /* FilePacks */ = {
			isa = PBXGroup;
			children = (
				540B163120BC8C2A0058D516 /* Records */,
				5415F75920BC8B26008A8E78 /* BsaFile.swift */,
				5415F76F20BC8BE5008A8E78 /* BsaFile+Extensions.swift */,
				5415F75B20BC8B36008A8E78 /* BsaMultiFile.swift */,
				5415F76D20BC8BDA008A8E78 /* BsaMultiFile+Extensions.swift */,
				5415F75D20BC8B4C008A8E78 /* EsmFile.swift */,
				5415F76920BC8BB7008A8E78 /* EsmFile+Fields.swift */,
				5415F76B20BC8BCA008A8E78 /* EsmFile+Extensions.swift */,
				5415F75F20BC8B5B008A8E78 /* EsmRecords.swift */,
				54AEEF0B20BE292100560590 /* FileManager+Extensions.swift */,
				5415F76520BC8B93008A8E78 /* TesAssetPack.swift */,
				5415F76720BC8B9C008A8E78 /* TesDataPack.swift */,
			);
			path = FilePacks;
			sourceTree = "<group>";
		};
		5415F75820BC8B0D008A8E78 /* Formats */ = {
			isa = PBXGroup;
			children = (
				54A090A120CF862300C68B25 /* NifUtils.swift */,
				54A08FFE20C79E0F00C68B25 /* NifReader.swift */,
				54A08FFA20C780FA00C68B25 /* NifManager.swift */,
			);
			path = Formats;
			sourceTree = "<group>";
		};
		5435117E20D717FB00BBD35C /* Configuration */ = {
			isa = PBXGroup;
			children = (
				5435117F20D7181500BBD35C /* ASettingsSection.swift */,
				54A1256F20D719A1001AC968 /* BaseSettings.swift */,
				54A1257020D719A1001AC968 /* DebugSettings.swift */,
				54A1256E20D719A1001AC968 /* GameSettings.swift */,
				54A1256D20D719A1001AC968 /* SettingsFile.swift */,
			);
			path = Configuration;
			sourceTree = "<group>";
		};
		54A08FF320C767B800C68B25 /* Materials */ = {
			isa = PBXGroup;
			children = (
				54A08FF520C7681500C68B25 /* DefaultMaterial.swift */,
				54A08FF420C767D700C68B25 /* BaseMaterial.swift */,
			);
			path = Materials;
			sourceTree = "<group>";
		};
		54A090A420CF86F500C68B25 /* Formats */ = {
			isa = PBXGroup;
			children = (
				54A090A720CF875A00C68B25 /* DdsReader.swift */,
			);
			path = Formats;
			sourceTree = "<group>";
		};
/* End PBXGroup section */

/* Begin PBXHeadersBuildPhase section */
		5415F71120BC8835008A8E78 /* Headers */ = {
			isa = PBXHeadersBuildPhase;
			buildActionMask = 2147483647;
			files = (
			);
			runOnlyForDeploymentPostprocessing = 0;
		};
/* End PBXHeadersBuildPhase section */

/* Begin PBXNativeTarget section */
		5415F71320BC8835008A8E78 /* ObjectManager */ = {
			isa = PBXNativeTarget;
			buildConfigurationList = 5415F71C20BC8835008A8E78 /* Build configuration list for PBXNativeTarget "ObjectManager" */;
			buildPhases = (
				5415F70F20BC8835008A8E78 /* Sources */,
				5415F71020BC8835008A8E78 /* Frameworks */,
				5415F71120BC8835008A8E78 /* Headers */,
				5415F71220BC8835008A8E78 /* Resources */,
			);
			buildRules = (
			);
			dependencies = (
			);
			name = ObjectManager;
			productName = ObjectManager;
			productReference = 5415F71420BC8835008A8E78 /* ObjectManager.framework */;
			productType = "com.apple.product-type.framework";
		};
/* End PBXNativeTarget section */

/* Begin PBXProject section */
		5415F70B20BC8835008A8E78 /* Project object */ = {
			isa = PBXProject;
			attributes = {
				LastUpgradeCheck = 0920;
				ORGANIZATIONNAME = "Sky Morey";
				TargetAttributes = {
					5415F71320BC8835008A8E78 = {
						CreatedOnToolsVersion = 9.2;
						LastSwiftMigration = 0920;
						ProvisioningStyle = Automatic;
					};
				};
			};
			buildConfigurationList = 5415F70E20BC8835008A8E78 /* Build configuration list for PBXProject "ObjectManager" */;
			compatibilityVersion = "Xcode 8.0";
			developmentRegion = en;
			hasScannedForEncodings = 0;
			knownRegions = (
				en,
			);
			mainGroup = 5415F70A20BC8835008A8E78;
			productRefGroup = 5415F71520BC8835008A8E78 /* Products */;
			projectDirPath = "";
			projectRoot = "";
			targets = (
				5415F71320BC8835008A8E78 /* ObjectManager */,
			);
		};
/* End PBXProject section */

/* Begin PBXResourcesBuildPhase section */
		5415F71220BC8835008A8E78 /* Resources */ = {
			isa = PBXResourcesBuildPhase;
			buildActionMask = 2147483647;
			files = (
			);
			runOnlyForDeploymentPostprocessing = 0;
		};
/* End PBXResourcesBuildPhase section */

/* Begin PBXSourcesBuildPhase section */
		5415F70F20BC8835008A8E78 /* Sources */ = {
			isa = PBXSourcesBuildPhase;
			buildActionMask = 2147483647;
			files = (
				F3970C3720D5F23B00D8E205 /* 045-GRAS.Grass.swift in Sources */,
				54A08FEE20C61E1D00C68B25 /* MaterialManager.swift in Sources */,
				F3970C4420D5F75F00D8E205 /* 300-LEVC.Leveled Creature.swift in Sources */,
				F3970C5420D5FAA000D8E205 /* 345-CELL.Cell.swift in Sources */,
				F3970C5F20D5FF8500D8E205 /* 345-INFO.Dialog Topic Info.swift in Sources */,
				F3970C5720D5FC3700D8E205 /* 345-CONT.Container.swift in Sources */,
				F3970C5820D5FC6C00D8E205 /* 345-CREA.Creature.swift in Sources */,
				F3970C1B20D5EC1F00D8E205 /* 005-AACT.Action.swift in Sources */,
				5435118020D7181500BBD35C /* ASettingsSection.swift in Sources */,
				F3970C4620D5F78500D8E205 /* 300-LEVI.Leveled item.swift in Sources */,
				F3970C2820D5EF8900D8E205 /* 040-ROAD.Road.swift in Sources */,
				544683C920D59BBF00A057F8 /* FileManager+Extensions.swift in Sources */,
				F3970C4120D5F5BE00D8E205 /* 045-WRLD.Worldspace.swift in Sources */,
				F3970C1A20D5EBFB00D8E205 /* TesEngine.swift in Sources */,
				F3970C1520D5E9D100D8E205 /* EsmRecords.swift in Sources */,
				F3970C5320D5FA5E00D8E205 /* 345-BOOK.Book.swift in Sources */,
				54A1256C20D71984001AC968 /* TesPackTest.swift in Sources */,
				540B163320BC8CCF0058D516 /* TemporalLoadBalancer.swift in Sources */,
				F3970C1D20D5EE6C00D8E205 /* 005-ARMA.Armature (Model).swift in Sources */,
				F3970C5020D5F97100D8E205 /* 345-ALCH.Potion.swift in Sources */,
				544683C620D59BB100A057F8 /* BsaFile+Extensions.swift in Sources */,
				F3970C4220D5F68F00D8E205 /* 045-WTHR.Weather.swift in Sources */,
				F3970C4020D5F58800D8E205 /* 045-WATR.Water Type.swift in Sources */,
				54A090A820CF875A00C68B25 /* DdsReader.swift in Sources */,
				F3970C6220D6029D00D8E205 /* 345-LIGH.Light.swift in Sources */,
				F3970C3520D5F1EE00D8E205 /* 045-FLOR.Flora.swift in Sources */,
				F3970C5220D5F9AD00D8E205 /* 345-ARMO.Armor.swift in Sources */,
				F3970C2720D5EEFB00D8E205 /* 040-KEYM.Key.swift in Sources */,
				F3970C4320D5F74C00D8E205 /* 300-BODY.Body.swift in Sources */,
				F3970C2E20D5EFE500D8E205 /* 045-ACHR.Actor Reference.swift in Sources */,
				544683C320D59B2900A057F8 /* ConvertUtils.swift in Sources */,
				F3970C3620D5F21400D8E205 /* 045-FURN.Furniture.swift in Sources */,
				544683C220D59AB900A057F8 /* Task.swift in Sources */,
				544683C520D59BAE00A057F8 /* BsaFile.swift in Sources */,
				5415F74B20BC8931008A8E78 /* AssetManager.swift in Sources */,
				F3970C3E20D5F4E000D8E205 /* 045-TES4.Plugin info.swift in Sources */,
				F3970C5E20D5FEF000D8E205 /* 345-GMST.Game Setting.swift in Sources */,
				F3970C1820D5EB2500D8E205 /* TesCellManager.swift in Sources */,
				F3970C3B20D5F3EC00D8E205 /* 045-QUST.Quest.swift in Sources */,
				F38DF06F20D570D200873AA4 /* VectorExtensions.swift in Sources */,
				F3970C6920D6058300D8E205 /* 345-SKIL.Skill.swift in Sources */,
				54AEEF1420BE51B700560590 /* DataExtensions.swift in Sources */,
				F3970C3F20D5F52500D8E205 /* 045-TREE.Tree.swift in Sources */,
				F3970C1220D5E9BE00D8E205 /* EsmFile.swift in Sources */,
				F3970C5C20D5FE4400D8E205 /* 345-FACT.Faction.swift in Sources */,
				F3970C5920D5FD8F00D8E205 /* 345-DIAL.Dialog Topic.swift in Sources */,
				54FD13AA20BE206A003D3138 /* CellManager.swift in Sources */,
				F3970C4E20D5F8BB00D8E205 /* 340-SCPT.Script.swift in Sources */,
				F3970C6520D6035B00D8E205 /* 345-MISC.Misc Item.swift in Sources */,
				F3970C2220D5EE9400D8E205 /* 005-AVIF.Actor Values_Perk Tree Graphics.swift in Sources */,
				F3970C3420D5F1BA00D8E205 /* 045-EYES.Eyes.swift in Sources */,
				F3970C4B20D5F81900D8E205 /* 340-BSGN.Birthsign.swift in Sources */,
				F3970C1720D5EAD900D8E205 /* 300-TES3.Plugin info.swift in Sources */,
				54FD3E5F20CF892A0010D58E /* Utils.swift in Sources */,
				544683CA20D59BC200A057F8 /* TesAssetPack.swift in Sources */,
				F3970C4F20D5F92600D8E205 /* 345-ACTI.Activator.swift in Sources */,
				F3970C1C20D5EE0400D8E205 /* 040-ACRE.Placed creature.swift in Sources */,
				F3970C5120D5F99600D8E205 /* 345-APPA.Alchem Apparatus.swift in Sources */,
				F3970C2520D5EE9400D8E205 /* 005-SNDR.Sound Reference.swift in Sources */,
				F3970C4920D5F7E100D8E205 /* 300-SNDG.Sound Generator.swift in Sources */,
				F3970C4A20D5F7F500D8E205 /* 300-SSCR.Start Script.swift in Sources */,
				F3970C5620D5FBB900D8E205 /* 345-CLOT.Clothing.swift in Sources */,
				F3970C6120D6003600D8E205 /* 345-LAND.Land.swift in Sources */,
				54A08FF720C76F3B00C68B25 /* BaseMaterial.swift in Sources */,
				F3970C3320D5F0FF00D8E205 /* 045-EFSH.Effect Shader.swift in Sources */,
				F3970C6020D6000100D8E205 /* 345-INGR.Ingredient.swift in Sources */,
				F3970C6720D603EE00D8E205 /* 345-RACE.Race_Creature type.swift in Sources */,
				F3970C2920D5EF8C00D8E205 /* 040-LVSP.Leveled Spell.swift in Sources */,
				54FD3E6020CF892A0010D58E /* ColorExtensions.swift in Sources */,
				F3970C5520D5FB8700D8E205 /* 345-CLAS.Class.swift in Sources */,
				5435117D20D7170C00BBD35C /* TesRenderSettings.swift in Sources */,
				54A08FEC20C4FACD00C68B25 /* Texture2DInfo.swift in Sources */,
				F3970C3120D5F03C00D8E205 /* 045-CLMT.Climate.swift in Sources */,
				F3970C3C20D5F43900D8E205 /* 045-REFR.Placed Object.swift in Sources */,
				F3970C6A20D6062400D8E205 /* 345-SOUN.Sound.swift in Sources */,
				F3970C6820D604EF00D8E205 /* 345-REGN.Region.swift in Sources */,
				F3970C3020D5F02400D8E205 /* 045-ANIO.Animated Object.swift in Sources */,
				F3970C1420D5E9CD00D8E205 /* EsmFile+Extensions.swift in Sources */,
				544683C820D59BB900A057F8 /* BsaMultiFile+Extensions.swift in Sources */,
				F3970C2F20D5F00700D8E205 /* 045-AMMO.Ammo.swift in Sources */,
				54A1257420D719A1001AC968 /* DebugSettings.swift in Sources */,
				F3970C6320D602E700D8E205 /* 345-LOCK.Lock.swift in Sources */,
				54FD3E5C20CF892A0010D58E /* SequenceExtensions.swift in Sources */,
				5415F74920BC8906008A8E78 /* BinaryReader.swift in Sources */,
				54FD3E6120CF892A0010D58E /* BinaryWriter.swift in Sources */,
				F3970C2B20D5EF9200D8E205 /* 040-LVLC.Leveled Creature.swift in Sources */,
				F3970C2C20D5EFA900D8E205 /* 040-SBSP.Subspace.swift in Sources */,
				F3970C6B20D6064900D8E205 /* 345-SPEL.Spell.swift in Sources */,
				54A08FFD20C7824C00C68B25 /* GameObject.swift in Sources */,
				F3970C1F20D5EE7D00D8E205 /* 005-ARTO.Art Object.swift in Sources */,
				54A08FF020C61E2B00C68B25 /* TextureManager.swift in Sources */,
				54A08FF620C76F3800C68B25 /* DefaultMaterial.swift in Sources */,
				F3970C1320D5E9CB00D8E205 /* EsmFile+Fields.swift in Sources */,
				F3970C5B20D5FE0E00D8E205 /* 345-ENCH.Enchantment.swift in Sources */,
				F3970C6C20D6068200D8E205 /* 345-STAT.Static.swift in Sources */,
				54FD3E5E20CF892A0010D58E /* TextureUtils.swift in Sources */,
				54A1257220D719A1001AC968 /* GameSettings.swift in Sources */,
				F3970C3920D5F39D00D8E205 /* 045-LSCR.Load Screen.swift in Sources */,
				F3970C2020D5EE9000D8E205 /* 005-ASPC.Acoustic Space.swift in Sources */,
				F3970C3A20D5F3A900D8E205 /* 045-PACK.AI Package.swift in Sources */,
				F3970C4C20D5F82000D8E205 /* 340-MGEF.Magic Effect.swift in Sources */,
				F3970C4D20D5F86D00D8E205 /* 340-PGRD.Path grid.swift in Sources */,
				F3970C1E20D5EE6F00D8E205 /* 005-ADDN-Addon Node.swift in Sources */,
				F3970C2A20D5EF8F00D8E205 /* 040-LVLI.Leveled Item.swift in Sources */,
				544683C720D59BB500A057F8 /* BsaMultiFile.swift in Sources */,
				F3970C5D20D5FEDA00D8E205 /* 345-GLOB.Global.swift in Sources */,
				F3970C3D20D5F4B700D8E205 /* 045-SLGM.Soul Gem.swift in Sources */,
				F3970C2320D5EE9400D8E205 /* 005-DLBR.Dialog Branch.swift in Sources */,
				F3970C3220D5F04A00D8E205 /* 045-CSTY.Combat Style.swift in Sources */,
				F3970C5A20D5FDEE00D8E205 /* 345-DOOR.Door.swift in Sources */,
				54A1257320D719A1001AC968 /* BaseSettings.swift in Sources */,
				F3970C2620D5EEEC00D8E205 /* 040-HAIR.Hair.swift in Sources */,
				F3970C4820D5F7A900D8E205 /* 300-REPA.Repair item.swift in Sources */,
				F3970C4720D5F79B00D8E205 /* 300-PROB.Probe.swift in Sources */,
				F3970C6420D6034000D8E205 /* 345-LTEX.Land Texture.swift in Sources */,
				54664B0720D556B600947E34 /* NumericExtensions.swift in Sources */,
				F3970C2120D5EE9400D8E205 /* 005-ASTP.Association Type.swift in Sources */,
				F3970C2420D5EE9400D8E205 /* 005-DLVW.Dialog View.swift in Sources */,
				F3970C3820D5F37700D8E205 /* 045-IDLE.Idle Animations.swift in Sources */,
				544683CB20D59BE700A057F8 /* TesAssetManager.swift in Sources */,
				F3970C2D20D5EFB200D8E205 /* 040-SGST.Sigil Stone.swift in Sources */,
				F3970C1620D5E9D800D8E205 /* TesDataPack.swift in Sources */,
				F3970C6620D6039300D8E205 /* 345-NPC_.Non-Player Character.swift in Sources */,
				54A1257120D719A1001AC968 /* SettingsFile.swift in Sources */,
				F3970C6D20D6068900D8E205 /* 345-WEAP.Weapon.swift in Sources */,
			);
			runOnlyForDeploymentPostprocessing = 0;
		};
/* End PBXSourcesBuildPhase section */

/* Begin XCBuildConfiguration section */
		5415F71A20BC8835008A8E78 /* Debug */ = {
			isa = XCBuildConfiguration;
			buildSettings = {
				ALWAYS_SEARCH_USER_PATHS = NO;
				CLANG_ANALYZER_NONNULL = YES;
				CLANG_ANALYZER_NUMBER_OBJECT_CONVERSION = YES_AGGRESSIVE;
				CLANG_CXX_LANGUAGE_STANDARD = "gnu++14";
				CLANG_CXX_LIBRARY = "libc++";
				CLANG_ENABLE_MODULES = YES;
				CLANG_ENABLE_OBJC_ARC = YES;
				CLANG_WARN_BLOCK_CAPTURE_AUTORELEASING = YES;
				CLANG_WARN_BOOL_CONVERSION = YES;
				CLANG_WARN_COMMA = YES;
				CLANG_WARN_CONSTANT_CONVERSION = YES;
				CLANG_WARN_DIRECT_OBJC_ISA_USAGE = YES_ERROR;
				CLANG_WARN_DOCUMENTATION_COMMENTS = YES;
				CLANG_WARN_EMPTY_BODY = YES;
				CLANG_WARN_ENUM_CONVERSION = YES;
				CLANG_WARN_INFINITE_RECURSION = YES;
				CLANG_WARN_INT_CONVERSION = YES;
				CLANG_WARN_NON_LITERAL_NULL_CONVERSION = YES;
				CLANG_WARN_OBJC_LITERAL_CONVERSION = YES;
				CLANG_WARN_OBJC_ROOT_CLASS = YES_ERROR;
				CLANG_WARN_RANGE_LOOP_ANALYSIS = YES;
				CLANG_WARN_STRICT_PROTOTYPES = YES;
				CLANG_WARN_SUSPICIOUS_MOVE = YES;
				CLANG_WARN_UNGUARDED_AVAILABILITY = YES_AGGRESSIVE;
				CLANG_WARN_UNREACHABLE_CODE = YES;
				CLANG_WARN__DUPLICATE_METHOD_MATCH = YES;
				CODE_SIGN_IDENTITY = "Mac Developer";
				COPY_PHASE_STRIP = NO;
				CURRENT_PROJECT_VERSION = 1;
				DEBUG_INFORMATION_FORMAT = dwarf;
				ENABLE_STRICT_OBJC_MSGSEND = YES;
				ENABLE_TESTABILITY = YES;
				GCC_C_LANGUAGE_STANDARD = gnu11;
				GCC_DYNAMIC_NO_PIC = NO;
				GCC_NO_COMMON_BLOCKS = YES;
				GCC_OPTIMIZATION_LEVEL = 0;
				GCC_PREPROCESSOR_DEFINITIONS = (
					"DEBUG=1",
					"$(inherited)",
				);
				GCC_WARN_64_TO_32_BIT_CONVERSION = YES;
				GCC_WARN_ABOUT_RETURN_TYPE = YES_ERROR;
				GCC_WARN_UNDECLARED_SELECTOR = YES;
				GCC_WARN_UNINITIALIZED_AUTOS = YES_AGGRESSIVE;
				GCC_WARN_UNUSED_FUNCTION = YES;
				GCC_WARN_UNUSED_VARIABLE = YES;
				MACOSX_DEPLOYMENT_TARGET = 10.13;
				MTL_ENABLE_DEBUG_INFO = YES;
				ONLY_ACTIVE_ARCH = YES;
				SDKROOT = macosx;
				SWIFT_ACTIVE_COMPILATION_CONDITIONS = DEBUG;
				SWIFT_OPTIMIZATION_LEVEL = "-Onone";
				SWIFT_VERSION = 4.0;
				VERSIONING_SYSTEM = "apple-generic";
				VERSION_INFO_PREFIX = "";
			};
			name = Debug;
		};
		5415F71B20BC8835008A8E78 /* Release */ = {
			isa = XCBuildConfiguration;
			buildSettings = {
				ALWAYS_SEARCH_USER_PATHS = NO;
				CLANG_ANALYZER_NONNULL = YES;
				CLANG_ANALYZER_NUMBER_OBJECT_CONVERSION = YES_AGGRESSIVE;
				CLANG_CXX_LANGUAGE_STANDARD = "gnu++14";
				CLANG_CXX_LIBRARY = "libc++";
				CLANG_ENABLE_MODULES = YES;
				CLANG_ENABLE_OBJC_ARC = YES;
				CLANG_WARN_BLOCK_CAPTURE_AUTORELEASING = YES;
				CLANG_WARN_BOOL_CONVERSION = YES;
				CLANG_WARN_COMMA = YES;
				CLANG_WARN_CONSTANT_CONVERSION = YES;
				CLANG_WARN_DIRECT_OBJC_ISA_USAGE = YES_ERROR;
				CLANG_WARN_DOCUMENTATION_COMMENTS = YES;
				CLANG_WARN_EMPTY_BODY = YES;
				CLANG_WARN_ENUM_CONVERSION = YES;
				CLANG_WARN_INFINITE_RECURSION = YES;
				CLANG_WARN_INT_CONVERSION = YES;
				CLANG_WARN_NON_LITERAL_NULL_CONVERSION = YES;
				CLANG_WARN_OBJC_LITERAL_CONVERSION = YES;
				CLANG_WARN_OBJC_ROOT_CLASS = YES_ERROR;
				CLANG_WARN_RANGE_LOOP_ANALYSIS = YES;
				CLANG_WARN_STRICT_PROTOTYPES = YES;
				CLANG_WARN_SUSPICIOUS_MOVE = YES;
				CLANG_WARN_UNGUARDED_AVAILABILITY = YES_AGGRESSIVE;
				CLANG_WARN_UNREACHABLE_CODE = YES;
				CLANG_WARN__DUPLICATE_METHOD_MATCH = YES;
				CODE_SIGN_IDENTITY = "Mac Developer";
				COPY_PHASE_STRIP = NO;
				CURRENT_PROJECT_VERSION = 1;
				DEBUG_INFORMATION_FORMAT = "dwarf-with-dsym";
				ENABLE_NS_ASSERTIONS = NO;
				ENABLE_STRICT_OBJC_MSGSEND = YES;
				GCC_C_LANGUAGE_STANDARD = gnu11;
				GCC_NO_COMMON_BLOCKS = YES;
				GCC_WARN_64_TO_32_BIT_CONVERSION = YES;
				GCC_WARN_ABOUT_RETURN_TYPE = YES_ERROR;
				GCC_WARN_UNDECLARED_SELECTOR = YES;
				GCC_WARN_UNINITIALIZED_AUTOS = YES_AGGRESSIVE;
				GCC_WARN_UNUSED_FUNCTION = YES;
				GCC_WARN_UNUSED_VARIABLE = YES;
				MACOSX_DEPLOYMENT_TARGET = 10.13;
				MTL_ENABLE_DEBUG_INFO = NO;
				SDKROOT = macosx;
				SWIFT_OPTIMIZATION_LEVEL = "-Owholemodule";
				SWIFT_VERSION = 4.0;
				VERSIONING_SYSTEM = "apple-generic";
				VERSION_INFO_PREFIX = "";
			};
			name = Release;
		};
		5415F71D20BC8835008A8E78 /* Debug */ = {
			isa = XCBuildConfiguration;
			buildSettings = {
				CLANG_ENABLE_MODULES = YES;
				CODE_SIGN_IDENTITY = "";
				CODE_SIGN_STYLE = Automatic;
				COMBINE_HIDPI_IMAGES = YES;
				DEFINES_MODULE = YES;
				DEVELOPMENT_TEAM = DM9BJ949Y5;
				DYLIB_COMPATIBILITY_VERSION = 1;
				DYLIB_CURRENT_VERSION = 1;
				DYLIB_INSTALL_NAME_BASE = "@rpath";
				FRAMEWORK_VERSION = A;
				INFOPLIST_FILE = ObjectManager/Info.plist;
				INSTALL_PATH = "$(LOCAL_LIBRARY_DIR)/Frameworks";
				LD_RUNPATH_SEARCH_PATHS = "$(inherited) @executable_path/../Frameworks @loader_path/Frameworks";
				PRODUCT_BUNDLE_IDENTIFIER = Contoso.ObjectManager;
				PRODUCT_NAME = "$(TARGET_NAME:c99extidentifier)";
				SKIP_INSTALL = YES;
				SWIFT_OPTIMIZATION_LEVEL = "-Onone";
				SWIFT_VERSION = 4.0;
			};
			name = Debug;
		};
		5415F71E20BC8835008A8E78 /* Release */ = {
			isa = XCBuildConfiguration;
			buildSettings = {
				CLANG_ENABLE_MODULES = YES;
				CODE_SIGN_IDENTITY = "";
				CODE_SIGN_STYLE = Automatic;
				COMBINE_HIDPI_IMAGES = YES;
				DEFINES_MODULE = YES;
				DEVELOPMENT_TEAM = DM9BJ949Y5;
				DYLIB_COMPATIBILITY_VERSION = 1;
				DYLIB_CURRENT_VERSION = 1;
				DYLIB_INSTALL_NAME_BASE = "@rpath";
				FRAMEWORK_VERSION = A;
				INFOPLIST_FILE = ObjectManager/Info.plist;
				INSTALL_PATH = "$(LOCAL_LIBRARY_DIR)/Frameworks";
				LD_RUNPATH_SEARCH_PATHS = "$(inherited) @executable_path/../Frameworks @loader_path/Frameworks";
				PRODUCT_BUNDLE_IDENTIFIER = Contoso.ObjectManager;
				PRODUCT_NAME = "$(TARGET_NAME:c99extidentifier)";
				SKIP_INSTALL = YES;
				SWIFT_VERSION = 4.0;
			};
			name = Release;
		};
/* End XCBuildConfiguration section */

/* Begin XCConfigurationList section */
		5415F70E20BC8835008A8E78 /* Build configuration list for PBXProject "ObjectManager" */ = {
			isa = XCConfigurationList;
			buildConfigurations = (
				5415F71A20BC8835008A8E78 /* Debug */,
				5415F71B20BC8835008A8E78 /* Release */,
			);
			defaultConfigurationIsVisible = 0;
			defaultConfigurationName = Release;
		};
		5415F71C20BC8835008A8E78 /* Build configuration list for PBXNativeTarget "ObjectManager" */ = {
			isa = XCConfigurationList;
			buildConfigurations = (
				5415F71D20BC8835008A8E78 /* Debug */,
				5415F71E20BC8835008A8E78 /* Release */,
			);
			defaultConfigurationIsVisible = 0;
			defaultConfigurationName = Release;
		};
/* End XCConfigurationList section */
	};
	rootObject = 5415F70B20BC8835008A8E78 /* Project object */;
}
